# THIS IS AN AUTOGENERATED FILE. DO NOT EDIT THIS FILE DIRECTLY.
# yarn lockfile v1


"@babel/runtime@^7.7.2":
  version "7.9.6"
  resolved "https://registry.yarnpkg.com/@babel/runtime/-/runtime-7.9.6.tgz#a9102eb5cadedf3f31d08a9ecf294af7827ea29f"
  integrity sha512-64AF1xY3OAkFHqOb9s4jpgk1Mm5vDZ4L3acHvAml+53nO1XbXLuDodsVpO4OIUsmemlUHMxNdYMNJmsvOwLrvQ==
  dependencies:
    regenerator-runtime "^0.13.4"

"@jimp/bmp@^0.12.1":
  version "0.12.1"
  resolved "https://registry.yarnpkg.com/@jimp/bmp/-/bmp-0.12.1.tgz#43cf1f711797c029aa7570a492769b4778638da2"
  integrity sha512-t16IamuBMv4GiGa1VAMzsgrVKVANxXG81wXECzbikOUkUv7pKJ2vHZDgkLBEsZQ9sAvFCneM1+yoSRpuENrfVQ==
  dependencies:
    "@babel/runtime" "^7.7.2"
    "@jimp/utils" "^0.12.1"
    bmp-js "^0.1.0"

"@jimp/core@^0.12.1":
  version "0.12.1"
  resolved "https://registry.yarnpkg.com/@jimp/core/-/core-0.12.1.tgz#a46341e5476e00115b1fab399627d65f9ab2d442"
  integrity sha512-mWfjExYEjHxBal+1gPesGChOQBSpxO7WUQkrO9KM7orboitOdQ15G5UA75ce7XVZ+5t+FQPOLmVkVZzzTQSEJA==
  dependencies:
    "@babel/runtime" "^7.7.2"
    "@jimp/utils" "^0.12.1"
    any-base "^1.1.0"
    buffer "^5.2.0"
    exif-parser "^0.1.12"
    file-type "^9.0.0"
    load-bmfont "^1.3.1"
    mkdirp "^0.5.1"
    phin "^2.9.1"
    pixelmatch "^4.0.2"
    tinycolor2 "^1.4.1"

"@jimp/custom@^0.12.1":
  version "0.12.1"
  resolved "https://registry.yarnpkg.com/@jimp/custom/-/custom-0.12.1.tgz#e54d0fb2c29f4eb3b5b0bd00dc4cd25a78f48af4"
  integrity sha512-bVClp8FEJ/11GFTKeRTrfH7NgUWvVO5/tQzO/68aOwMIhbz9BOYQGh533K9+mSy29VjZJo8jxZ0C9ZwYHuFwfA==
  dependencies:
    "@babel/runtime" "^7.7.2"
    "@jimp/core" "^0.12.1"

"@jimp/gif@^0.12.1":
  version "0.12.1"
  resolved "https://registry.yarnpkg.com/@jimp/gif/-/gif-0.12.1.tgz#e5fe9e25796ef6390044b9f1a595e2ef2ebe9fe8"
  integrity sha512-cGn/AcvMGUGcqR6ByClGSnrja4AYmTwsGVXTQ1+EmfAdTiy6ztGgZCTDpZ/tq4SpdHXwm9wDHez7damKhTrH0g==
  dependencies:
    "@babel/runtime" "^7.7.2"
    "@jimp/utils" "^0.12.1"
    omggif "^1.0.9"

"@jimp/jpeg@^0.12.1":
  version "0.12.1"
  resolved "https://registry.yarnpkg.com/@jimp/jpeg/-/jpeg-0.12.1.tgz#adaacd30d819241cdddc978dc4facc882a0846ab"
  integrity sha512-UoCUHbKLj2CDCETd7LrJnmK/ExDsSfJXmc1pKkfgomvepjXogdl2KTHf141wL6D+9CfSD2VBWQLC5TvjMvcr9A==
  dependencies:
    "@babel/runtime" "^7.7.2"
    "@jimp/utils" "^0.12.1"
    jpeg-js "^0.4.0"

"@jimp/plugin-blit@^0.12.1":
  version "0.12.1"
  resolved "https://registry.yarnpkg.com/@jimp/plugin-blit/-/plugin-blit-0.12.1.tgz#555a492fd71370820b7a1b85cc04ba3c58b0c4c7"
  integrity sha512-VRBB6bx6EpQuaH0WX8ytlGNqUQcmuxXBbzL3e+cD0W6MluYibzQy089okvXcyUS72Q+qpSMmUDCVr3pDqLAsSA==
  dependencies:
    "@babel/runtime" "^7.7.2"
    "@jimp/utils" "^0.12.1"

"@jimp/plugin-blur@^0.12.1":
  version "0.12.1"
  resolved "https://registry.yarnpkg.com/@jimp/plugin-blur/-/plugin-blur-0.12.1.tgz#93cf1b6c44e4c7bbb80914ef953c8bb3dac31295"
  integrity sha512-rTFY0yrwVJFNgNsAlYGn2GYCRLVEcPQ6cqAuhNylXuR/7oH3Acul+ZWafeKtvN8D8uMlth/6VP74gruXvwffZw==
  dependencies:
    "@babel/runtime" "^7.7.2"
    "@jimp/utils" "^0.12.1"

"@jimp/plugin-circle@^0.12.1":
  version "0.12.1"
  resolved "https://registry.yarnpkg.com/@jimp/plugin-circle/-/plugin-circle-0.12.1.tgz#56100e5b04c98b711e2c2188d0825c0e1766be69"
  integrity sha512-+/OiBDjby7RBbQoDX8ZsqJRr1PaGPdTaaKUVGAsrE7KCNO9ODYNFAizB9lpidXkGgJ4Wx5R4mJy21i22oY/a4Q==
  dependencies:
    "@babel/runtime" "^7.7.2"
    "@jimp/utils" "^0.12.1"

"@jimp/plugin-color@^0.12.1":
  version "0.12.1"
  resolved "https://registry.yarnpkg.com/@jimp/plugin-color/-/plugin-color-0.12.1.tgz#193f4d851c29b5d393843b68385eee3d13b7ea7e"
  integrity sha512-xlnK/msWN4uZ+Bu7+UrCs9oMzTSA9QE0jWFnF3h0aBsD8t1LGxozkckHe8nHtC/y/sxIa8BGKSfkiaW+r6FbnA==
  dependencies:
    "@babel/runtime" "^7.7.2"
    "@jimp/utils" "^0.12.1"
    tinycolor2 "^1.4.1"

"@jimp/plugin-contain@^0.12.1":
  version "0.12.1"
  resolved "https://registry.yarnpkg.com/@jimp/plugin-contain/-/plugin-contain-0.12.1.tgz#6dffe0632e5acbc5d5d17671910f6671a4849c5a"
  integrity sha512-WZ/D6G0jhnBh2bkBh610PEh/caGhAUIAxYLsQsfSSlOxPsDhbj3S6hMbFKRgnDvf0hsd5zTIA0j1B0UG4kh18A==
  dependencies:
    "@babel/runtime" "^7.7.2"
    "@jimp/utils" "^0.12.1"

"@jimp/plugin-cover@^0.12.1":
  version "0.12.1"
  resolved "https://registry.yarnpkg.com/@jimp/plugin-cover/-/plugin-cover-0.12.1.tgz#c0e9005d891efbaa6533ca4d6874d3e14cc51179"
  integrity sha512-ddWwTQO40GcabJ2UwUYCeuNxnjV4rBTiLprnjGMqAJCzdz3q3Sp20FkRf+H+E22k2v2LHss8dIOFOF4i6ycr9Q==
  dependencies:
    "@babel/runtime" "^7.7.2"
    "@jimp/utils" "^0.12.1"

"@jimp/plugin-crop@^0.12.1":
  version "0.12.1"
  resolved "https://registry.yarnpkg.com/@jimp/plugin-crop/-/plugin-crop-0.12.1.tgz#44a5adb5f5222c3d3c6c94410b1995fe88041ada"
  integrity sha512-CKjVkrNO8FDZKYVpMireQW4SgKBSOdF+Ip/1sWssHHe77+jGEKqOjhYju+VhT3dZJ3+75rJNI9II7Kethp+rTw==
  dependencies:
    "@babel/runtime" "^7.7.2"
    "@jimp/utils" "^0.12.1"

"@jimp/plugin-displace@^0.12.1":
  version "0.12.1"
  resolved "https://registry.yarnpkg.com/@jimp/plugin-displace/-/plugin-displace-0.12.1.tgz#d83b5d4d45a35b5d7b7722ec8657d46a3ccc6da1"
  integrity sha512-MQAw2iuf1/bVJ6P95WWTLA+WBjvIZ7TeGBerkvBaTK8oWdj+NSLNRIYOIoyPbZ7DTL8f1SN4Vd6KD6BZaoWrwg==
  dependencies:
    "@babel/runtime" "^7.7.2"
    "@jimp/utils" "^0.12.1"

"@jimp/plugin-dither@^0.12.1":
  version "0.12.1"
  resolved "https://registry.yarnpkg.com/@jimp/plugin-dither/-/plugin-dither-0.12.1.tgz#1265a063423a20b9425f5055fe3ddafaa0eea9fe"
  integrity sha512-mCrBHdx2ViTLJDLcrobqGLlGhZF/Mq41bURWlElQ2ArvrQ3/xR52We9DNDfC08oQ2JVb6q3v1GnCCdn0KNojGQ==
  dependencies:
    "@babel/runtime" "^7.7.2"
    "@jimp/utils" "^0.12.1"

"@jimp/plugin-fisheye@^0.12.1":
  version "0.12.1"
  resolved "https://registry.yarnpkg.com/@jimp/plugin-fisheye/-/plugin-fisheye-0.12.1.tgz#0afa268abbfcc88212f49b2b84b04da89f35cae2"
  integrity sha512-CHvYSXtHNplzkkYzB44tENPDmvfUHiYCnAETTY+Hx58kZ0w8ERZ+OiLhUmiBcvH/QHm/US1iiNjgGUAfeQX6dg==
  dependencies:
    "@babel/runtime" "^7.7.2"
    "@jimp/utils" "^0.12.1"

"@jimp/plugin-flip@^0.12.1":
  version "0.12.1"
  resolved "https://registry.yarnpkg.com/@jimp/plugin-flip/-/plugin-flip-0.12.1.tgz#b80415e69cf477d40f1960bc6081441ba0ce54dc"
  integrity sha512-xi+Yayrnln8A/C9E3yQBExjxwBSeCkt/ZQg1CxLgszVyX/3Zo8+nkV8MJYpkTpj8LCZGTOKlsE05mxu/a3lbJQ==
  dependencies:
    "@babel/runtime" "^7.7.2"
    "@jimp/utils" "^0.12.1"

"@jimp/plugin-gaussian@^0.12.1":
  version "0.12.1"
  resolved "https://registry.yarnpkg.com/@jimp/plugin-gaussian/-/plugin-gaussian-0.12.1.tgz#7cd1fa2c7b6f6d91776af043d202aa595430c34a"
  integrity sha512-7O6eKlhL37hsLfV6WAX1Cvce7vOqSwL1oWbBveC1agutDlrtvcTh1s2mQ4Pde654hCJu55mq1Ur10+ote5j3qw==
  dependencies:
    "@babel/runtime" "^7.7.2"
    "@jimp/utils" "^0.12.1"

"@jimp/plugin-invert@^0.12.1":
  version "0.12.1"
  resolved "https://registry.yarnpkg.com/@jimp/plugin-invert/-/plugin-invert-0.12.1.tgz#9403089d9f740d54be72270faa28f392bf3dff9c"
  integrity sha512-JTAs7A1Erbxwl+7ph7tgcb2PZ4WzB+3nb2WbfiWU8iCrKj17mMDSc5soaCCycn8wfwqvgB1vhRfGpseOLWxsuQ==
  dependencies:
    "@babel/runtime" "^7.7.2"
    "@jimp/utils" "^0.12.1"

"@jimp/plugin-mask@^0.12.1":
  version "0.12.1"
  resolved "https://registry.yarnpkg.com/@jimp/plugin-mask/-/plugin-mask-0.12.1.tgz#3cbf2c990c9ecb76b34e8c13c028bc469acfd593"
  integrity sha512-bnDdY0RO/x5Mhqoy+056SN1wEj++sD4muAKqLD2CIT8Zq5M/0TA4hkdf/+lwFy3H2C0YTK39PSE9xyb4jPX3kA==
  dependencies:
    "@babel/runtime" "^7.7.2"
    "@jimp/utils" "^0.12.1"

"@jimp/plugin-normalize@^0.12.1":
  version "0.12.1"
  resolved "https://registry.yarnpkg.com/@jimp/plugin-normalize/-/plugin-normalize-0.12.1.tgz#e1cc7724792f7ace9573ed550bd9cda57e06e560"
  integrity sha512-4kSaI4JLM/PNjHwbnAHgyh51V5IlPfPxYvsZyZ1US32pebWtocxSMaSuOaJUg7OGSkwSDBv81UR2h5D+Dz1b5A==
  dependencies:
    "@babel/runtime" "^7.7.2"
    "@jimp/utils" "^0.12.1"

"@jimp/plugin-print@^0.12.1":
  version "0.12.1"
  resolved "https://registry.yarnpkg.com/@jimp/plugin-print/-/plugin-print-0.12.1.tgz#1e604cd796fcffd7a9188ce3e94a1f5f1bc56a9f"
  integrity sha512-T0lNS3qU9SwCHOEz7AGrdp50+gqiWGZibOL3350/X/dqoFs1EvGDjKVeWncsGCyLlpfd7M/AibHZgu8Fx2bWng==
  dependencies:
    "@babel/runtime" "^7.7.2"
    "@jimp/utils" "^0.12.1"
    load-bmfont "^1.4.0"

"@jimp/plugin-resize@^0.12.1":
  version "0.12.1"
  resolved "https://registry.yarnpkg.com/@jimp/plugin-resize/-/plugin-resize-0.12.1.tgz#cb0347320eb392136a16e179c396f636891038af"
  integrity sha512-sbNn4tdBGcgGlPt9XFxCuDl4ZOoxa8/Re8nAikyxYhRss2Dqz91ARbBQxOf1vlUGeicQMsjEuWbPQAogTSJRug==
  dependencies:
    "@babel/runtime" "^7.7.2"
    "@jimp/utils" "^0.12.1"

"@jimp/plugin-rotate@^0.12.1":
  version "0.12.1"
  resolved "https://registry.yarnpkg.com/@jimp/plugin-rotate/-/plugin-rotate-0.12.1.tgz#29101e949f96047bcee2afaba5008be8f92ed8e8"
  integrity sha512-RYkLzwG2ervG6hHy8iepbIVeWdT1kz4Qz044eloqo6c66MK0KAqp228YI8+CAKm0joQnVDC/A0FgRIj/K8uyAw==
  dependencies:
    "@babel/runtime" "^7.7.2"
    "@jimp/utils" "^0.12.1"

"@jimp/plugin-scale@^0.12.1":
  version "0.12.1"
  resolved "https://registry.yarnpkg.com/@jimp/plugin-scale/-/plugin-scale-0.12.1.tgz#bf9c2e5af47dc07d48d8ab16fecba96b40af3734"
  integrity sha512-zjNVI1fUj+ywfG78T1ZU33g9a5sk4rhEQkkhtny8koAscnVsDN2YaZEKoFli54kqaWh5kSS5DDL7a/9pEfXnFQ==
  dependencies:
    "@babel/runtime" "^7.7.2"
    "@jimp/utils" "^0.12.1"

"@jimp/plugin-shadow@^0.12.1":
  version "0.12.1"
  resolved "https://registry.yarnpkg.com/@jimp/plugin-shadow/-/plugin-shadow-0.12.1.tgz#63508e3d321dbd057acc1e93b90c326257e0f1c3"
  integrity sha512-Z82IwvunXWQ2jXegd3W3TYUXpfJcEvNbHodr7Z+oVnwhM1OoQ5QC6RSRQwsj2qXIhbGffQjH8eguHgEgAV+u5w==
  dependencies:
    "@babel/runtime" "^7.7.2"
    "@jimp/utils" "^0.12.1"

"@jimp/plugin-threshold@^0.12.1":
  version "0.12.1"
  resolved "https://registry.yarnpkg.com/@jimp/plugin-threshold/-/plugin-threshold-0.12.1.tgz#deaa1ac912522b9b7353820e84c8706ff433aa04"
  integrity sha512-PFezt5fSk0q+xKvdpuv0eLggy2I7EgYotrK8TRZOT0jimuYFXPF0Z514c6szumoW5kEsRz04L1HkPT1FqI97Yg==
  dependencies:
    "@babel/runtime" "^7.7.2"
    "@jimp/utils" "^0.12.1"

"@jimp/plugins@^0.12.1":
  version "0.12.1"
  resolved "https://registry.yarnpkg.com/@jimp/plugins/-/plugins-0.12.1.tgz#450a1312184f649d81b75fc1aeff265e99c8f2b3"
  integrity sha512-7+Yp29T6BbYo+Oqnc+m7A5AH+O+Oy5xnxvxlfmsp48+SuwEZ4akJp13Gu2PSmRlylENzR7MlWOxzhas5ERNlIg==
  dependencies:
    "@babel/runtime" "^7.7.2"
    "@jimp/plugin-blit" "^0.12.1"
    "@jimp/plugin-blur" "^0.12.1"
    "@jimp/plugin-circle" "^0.12.1"
    "@jimp/plugin-color" "^0.12.1"
    "@jimp/plugin-contain" "^0.12.1"
    "@jimp/plugin-cover" "^0.12.1"
    "@jimp/plugin-crop" "^0.12.1"
    "@jimp/plugin-displace" "^0.12.1"
    "@jimp/plugin-dither" "^0.12.1"
    "@jimp/plugin-fisheye" "^0.12.1"
    "@jimp/plugin-flip" "^0.12.1"
    "@jimp/plugin-gaussian" "^0.12.1"
    "@jimp/plugin-invert" "^0.12.1"
    "@jimp/plugin-mask" "^0.12.1"
    "@jimp/plugin-normalize" "^0.12.1"
    "@jimp/plugin-print" "^0.12.1"
    "@jimp/plugin-resize" "^0.12.1"
    "@jimp/plugin-rotate" "^0.12.1"
    "@jimp/plugin-scale" "^0.12.1"
    "@jimp/plugin-shadow" "^0.12.1"
    "@jimp/plugin-threshold" "^0.12.1"
    timm "^1.6.1"

"@jimp/png@^0.12.1":
  version "0.12.1"
  resolved "https://registry.yarnpkg.com/@jimp/png/-/png-0.12.1.tgz#85d99ed6304e7d37f8e5279b3b4b058ed28a7f67"
  integrity sha512-tOUSJMJzcMAN82F9/Q20IToquIVWzvOe/7NIpVQJn6m+Lq6TtVmd7d8gdcna9AEFm2FIza5lhq2Kta6Xj0KXhQ==
  dependencies:
    "@babel/runtime" "^7.7.2"
    "@jimp/utils" "^0.12.1"
    pngjs "^3.3.3"

"@jimp/tiff@^0.12.1":
  version "0.12.1"
  resolved "https://registry.yarnpkg.com/@jimp/tiff/-/tiff-0.12.1.tgz#ce2cd058d0f3a9fe43564866b6a64a815c141a9e"
  integrity sha512-bzWDgv3202TKhaBGzV9OFF0PVQWEb4194h9kv5js348SSnbCusz/tzTE1EwKrnbDZThZPgTB1ryKs7D+Q9Mhmg==
  dependencies:
    "@babel/runtime" "^7.7.2"
    utif "^2.0.1"

"@jimp/types@^0.12.1":
  version "0.12.1"
  resolved "https://registry.yarnpkg.com/@jimp/types/-/types-0.12.1.tgz#2671e228bd1abc7f086e2f4316097c15aa4b41c0"
  integrity sha512-hg5OKXpWWeKGuDrfibrjWWhr7hqb7f552wqnPWSLQpVrdWgjH+hpOv6cOzdo9bsU78qGTelZJPxr0ERRoc+MhQ==
  dependencies:
    "@babel/runtime" "^7.7.2"
    "@jimp/bmp" "^0.12.1"
    "@jimp/gif" "^0.12.1"
    "@jimp/jpeg" "^0.12.1"
    "@jimp/png" "^0.12.1"
    "@jimp/tiff" "^0.12.1"
    timm "^1.6.1"

"@jimp/utils@^0.12.1":
  version "0.12.1"
  resolved "https://registry.yarnpkg.com/@jimp/utils/-/utils-0.12.1.tgz#e9ab43dcd55f88a8fdf250a84bcf43d09713bd9d"
  integrity sha512-EjPkDQOzV/oZfbolEUgFT6SE++PtCccVBvjuACkttyCfl0P2jnpR49SwstyVLc2u8AwBAZEHHAw9lPYaMjtbXQ==
  dependencies:
    "@babel/runtime" "^7.7.2"
    regenerator-runtime "^0.13.3"

"@zeit/ncc@^0.22.3":
  version "0.22.3"
  resolved "https://registry.yarnpkg.com/@zeit/ncc/-/ncc-0.22.3.tgz#fca6b86b4454ce7a7e1e7e755165ec06457f16cd"
  integrity sha512-jnCLpLXWuw/PAiJiVbLjA8WBC0IJQbFeUwF4I9M+23MvIxTxk5pD4Q8byQBSPmHQjz5aBoA7AKAElQxMpjrCLQ==

any-base@^1.1.0:
  version "1.1.0"
  resolved "https://registry.yarnpkg.com/any-base/-/any-base-1.1.0.tgz#ae101a62bc08a597b4c9ab5b7089d456630549fe"
  integrity sha512-uMgjozySS8adZZYePpaWs8cxB9/kdzmpX6SgJZ+wbz1K5eYk5QMYDVJaZKhxyIHUdnnJkfR7SVgStgH7LkGUyg==

at-least-node@^1.0.0:
  version "1.0.0"
  resolved "https://registry.yarnpkg.com/at-least-node/-/at-least-node-1.0.0.tgz#602cd4b46e844ad4effc92a8011a3c46e0238dc2"
  integrity sha512-+q/t7Ekv1EDY2l6Gda6LLiX14rU9TV20Wa3ofeQmwPFZbOMo9DXrLbOjFaaclkXKWidIaopwAObQDqwWtGUjqg==

base64-js@^1.0.2:
  version "1.3.1"
  resolved "https://registry.yarnpkg.com/base64-js/-/base64-js-1.3.1.tgz#58ece8cb75dd07e71ed08c736abc5fac4dbf8df1"
  integrity sha512-mLQ4i2QO1ytvGWFWmcngKO//JXAQueZvwEKtjgQFM4jIK0kU+ytMfplL8j+n5mspOfjHwoAg+9yhb7BwAHm36g==

bmp-js@^0.1.0:
  version "0.1.0"
  resolved "https://registry.yarnpkg.com/bmp-js/-/bmp-js-0.1.0.tgz#e05a63f796a6c1ff25f4771ec7adadc148c07233"
  integrity sha1-4Fpj95amwf8l9Hcex62twUjAcjM=

buffer-equal@0.0.1:
  version "0.0.1"
  resolved "https://registry.yarnpkg.com/buffer-equal/-/buffer-equal-0.0.1.tgz#91bc74b11ea405bc916bc6aa908faafa5b4aac4b"
  integrity sha1-kbx0sR6kBbyRa8aqkI+q+ltKrEs=

buffer@^5.2.0:
  version "5.6.0"
  resolved "https://registry.yarnpkg.com/buffer/-/buffer-5.6.0.tgz#a31749dc7d81d84db08abf937b6b8c4033f62786"
  integrity sha512-/gDYp/UtU0eA1ys8bOs9J6a+E/KWIY+DZ+Q2WESNUA0jFRsJOc0SNUO6xJ5SGA1xueg3NL65W6s+NY5l9cunuw==
  dependencies:
    base64-js "^1.0.2"
    ieee754 "^1.1.4"

dom-walk@^0.1.0:
  version "0.1.2"
  resolved "https://registry.yarnpkg.com/dom-walk/-/dom-walk-0.1.2.tgz#0c548bef048f4d1f2a97249002236060daa3fd84"
  integrity sha512-6QvTW9mrGeIegrFXdtQi9pk7O/nSK6lSdXW2eqUspN5LWD7UTji2Fqw5V2YLjBpHEoU9Xl/eUWNpDeZvoyOv2w==

exif-parser@^0.1.12:
  version "0.1.12"
  resolved "https://registry.yarnpkg.com/exif-parser/-/exif-parser-0.1.12.tgz#58a9d2d72c02c1f6f02a0ef4a9166272b7760922"
  integrity sha1-WKnS1ywCwfbwKg70qRZicrd2CSI=

file-type@^9.0.0:
  version "9.0.0"
  resolved "https://registry.yarnpkg.com/file-type/-/file-type-9.0.0.tgz#a68d5ad07f486414dfb2c8866f73161946714a18"
  integrity sha512-Qe/5NJrgIOlwijpq3B7BEpzPFcgzggOTagZmkXQY4LA6bsXKTUstK7Wp12lEJ/mLKTpvIZxmIuRcLYWT6ov9lw==

fs-extra@^9.0.1:
  version "9.0.1"
  resolved "https://registry.yarnpkg.com/fs-extra/-/fs-extra-9.0.1.tgz#910da0062437ba4c39fedd863f1675ccfefcb9fc"
  integrity sha512-h2iAoN838FqAFJY2/qVpzFXy+EBxfVE220PalAqQLDVsFOHLJrZvut5puAbCdNv6WJk+B8ihI+k0c7JK5erwqQ==
  dependencies:
    at-least-node "^1.0.0"
    graceful-fs "^4.2.0"
    jsonfile "^6.0.1"
    universalify "^1.0.0"

global@~4.3.0:
  version "4.3.2"
  resolved "https://registry.yarnpkg.com/global/-/global-4.3.2.tgz#e76989268a6c74c38908b1305b10fc0e394e9d0f"
  integrity sha1-52mJJopsdMOJCLEwWxD8DjlOnQ8=
  dependencies:
    min-document "^2.19.0"
    process "~0.5.1"

graceful-fs@^4.1.6, graceful-fs@^4.2.0:
  version "4.2.4"
  resolved "https://registry.yarnpkg.com/graceful-fs/-/graceful-fs-4.2.4.tgz#2256bde14d3632958c465ebc96dc467ca07a29fb"
  integrity sha512-WjKPNJF79dtJAVniUlGGWHYGz2jWxT6VhN/4m1NdkbZ2nOsEF+cI1Edgql5zCRhs/VsQYRvrXctxktVXZUkixw==

ieee754@^1.1.4:
  version "1.1.13"
  resolved "https://registry.yarnpkg.com/ieee754/-/ieee754-1.1.13.tgz#ec168558e95aa181fd87d37f55c32bbcb6708b84"
  integrity sha512-4vf7I2LYV/HaWerSo3XmlMkp5eZ83i+/CDluXi/IGTs/O1sejBNhTtnxzmRZfvOUqj7lZjqHkeTvpgSFDlWZTg==

is-function@^1.0.1:
  version "1.0.2"
  resolved "https://registry.yarnpkg.com/is-function/-/is-function-1.0.2.tgz#4f097f30abf6efadac9833b17ca5dc03f8144e08"
  integrity sha512-lw7DUp0aWXYg+CBCN+JKkcE0Q2RayZnSvnZBlwgxHBQhqt5pZNVy4Ri7H9GmmXkdu7LUthszM+Tor1u/2iBcpQ==

jimp@^0.12.1:
  version "0.12.1"
  resolved "https://registry.yarnpkg.com/jimp/-/jimp-0.12.1.tgz#3e58fdd16ebb2b8f00a09be3dd5c54f79ffae04a"
  integrity sha512-0soPJif+yjmzmOF+4cF2hyhxUWWpXpQntsm2joJXFFoRcQiPzsG4dbLKYqYPT3Fc6PjZ8MaLtCkDqqckVSfmRw==
  dependencies:
    "@babel/runtime" "^7.7.2"
    "@jimp/custom" "^0.12.1"
    "@jimp/plugins" "^0.12.1"
    "@jimp/types" "^0.12.1"
    regenerator-runtime "^0.13.3"

jpeg-js@^0.4.0:
  version "0.4.0"
  resolved "https://registry.yarnpkg.com/jpeg-js/-/jpeg-js-0.4.0.tgz#39adab7245b6d11e918ba5d4b49263ff2fc6a2f9"
  integrity sha512-960VHmtN1vTpasX/1LupLohdP5odwAT7oK/VSm6mW0M58LbrBnowLAPWAZhWGhDAGjzbMnPXZxzB/QYgBwkN0w==

jsonfile@^6.0.1:
  version "6.0.1"
  resolved "https://registry.yarnpkg.com/jsonfile/-/jsonfile-6.0.1.tgz#98966cba214378c8c84b82e085907b40bf614179"
  integrity sha512-jR2b5v7d2vIOust+w3wtFKZIfpC2pnRmFAhAC/BuweZFQR8qZzxH1OyrQ10HmdVYiXWkYUqPVsz91cG7EL2FBg==
  dependencies:
    universalify "^1.0.0"
  optionalDependencies:
    graceful-fs "^4.1.6"

load-bmfont@^1.3.1, load-bmfont@^1.4.0:
  version "1.4.0"
  resolved "https://registry.yarnpkg.com/load-bmfont/-/load-bmfont-1.4.0.tgz#75f17070b14a8c785fe7f5bee2e6fd4f98093b6b"
  integrity sha512-kT63aTAlNhZARowaNYcY29Fn/QYkc52M3l6V1ifRcPewg2lvUZDAj7R6dXjOL9D0sict76op3T5+odumDSF81g==
  dependencies:
    buffer-equal "0.0.1"
    mime "^1.3.4"
    parse-bmfont-ascii "^1.0.3"
    parse-bmfont-binary "^1.0.5"
    parse-bmfont-xml "^1.1.4"
    phin "^2.9.1"
    xhr "^2.0.1"
    xtend "^4.0.0"

mime@^1.3.4:
  version "1.6.0"
  resolved "https://registry.yarnpkg.com/mime/-/mime-1.6.0.tgz#32cd9e5c64553bd58d19a568af452acff04981b1"
  integrity sha512-x0Vn8spI+wuJ1O6S7gnbaQg8Pxh4NNHb7KSINmEWKiPE4RKOplvijn+NkmYmmRgP68mc70j2EbeTFRsrswaQeg==

min-document@^2.19.0:
  version "2.19.0"
  resolved "https://registry.yarnpkg.com/min-document/-/min-document-2.19.0.tgz#7bd282e3f5842ed295bb748cdd9f1ffa2c824685"
  integrity sha1-e9KC4/WELtKVu3SM3Z8f+iyCRoU=
  dependencies:
    dom-walk "^0.1.0"

minimist@^1.2.5:
  version "1.2.5"
  resolved "https://registry.yarnpkg.com/minimist/-/minimist-1.2.5.tgz#67d66014b66a6a8aaa0c083c5fd58df4e4e97602"
  integrity sha512-FM9nNUYrRBAELZQT3xeZQ7fmMOBg6nWNmJKTcgsJeaLstP/UODVpGsr5OhXhhXg6f+qtJ8uiZ+PUxkDWcgIXLw==

mkdirp@^0.5.1:
  version "0.5.5"
  resolved "https://registry.yarnpkg.com/mkdirp/-/mkdirp-0.5.5.tgz#d91cefd62d1436ca0f41620e251288d420099def"
  integrity sha512-NKmAlESf6jMGym1++R0Ra7wvhV+wFW63FaSOFPwRahvea0gMUcGUhVeAg/0BC0wiv9ih5NYPB1Wn1UEI1/L+xQ==
  dependencies:
    minimist "^1.2.5"

omggif@^1.0.9:
  version "1.0.10"
  resolved "https://registry.yarnpkg.com/omggif/-/omggif-1.0.10.tgz#ddaaf90d4a42f532e9e7cb3a95ecdd47f17c7b19"
  integrity sha512-LMJTtvgc/nugXj0Vcrrs68Mn2D1r0zf630VNtqtpI1FEO7e+O9FP4gqs9AcnBaSEeoHIPm28u6qgPR0oyEpGSw==

pako@^1.0.5:
  version "1.0.11"
  resolved "https://registry.yarnpkg.com/pako/-/pako-1.0.11.tgz#6c9599d340d54dfd3946380252a35705a6b992bf"
  integrity sha512-4hLB8Py4zZce5s4yd9XzopqwVv/yGNhV1Bl8NTmCq1763HeK2+EwVTv+leGeL13Dnh2wfbqowVPXCIO0z4taYw==

parse-bmfont-ascii@^1.0.3:
  version "1.0.6"
  resolved "https://registry.yarnpkg.com/parse-bmfont-ascii/-/parse-bmfont-ascii-1.0.6.tgz#11ac3c3ff58f7c2020ab22769079108d4dfa0285"
  integrity sha1-Eaw8P/WPfCAgqyJ2kHkQjU36AoU=

parse-bmfont-binary@^1.0.5:
  version "1.0.6"
  resolved "https://registry.yarnpkg.com/parse-bmfont-binary/-/parse-bmfont-binary-1.0.6.tgz#d038b476d3e9dd9db1e11a0b0e53a22792b69006"
  integrity sha1-0Di0dtPp3Z2x4RoLDlOiJ5K2kAY=

parse-bmfont-xml@^1.1.4:
  version "1.1.4"
  resolved "https://registry.yarnpkg.com/parse-bmfont-xml/-/parse-bmfont-xml-1.1.4.tgz#015319797e3e12f9e739c4d513872cd2fa35f389"
  integrity sha512-bjnliEOmGv3y1aMEfREMBJ9tfL3WR0i0CKPj61DnSLaoxWR3nLrsQrEbCId/8rF4NyRF0cCqisSVXyQYWM+mCQ==
  dependencies:
    xml-parse-from-string "^1.0.0"
    xml2js "^0.4.5"

parse-headers@^2.0.0:
  version "2.0.3"
  resolved "https://registry.yarnpkg.com/parse-headers/-/parse-headers-2.0.3.tgz#5e8e7512383d140ba02f0c7aa9f49b4399c92515"
  integrity sha512-QhhZ+DCCit2Coi2vmAKbq5RGTRcQUOE2+REgv8vdyu7MnYx2eZztegqtTx99TZ86GTIwqiy3+4nQTWZ2tgmdCA==

phin@^2.9.1:
  version "2.9.3"
  resolved "https://registry.yarnpkg.com/phin/-/phin-2.9.3.tgz#f9b6ac10a035636fb65dfc576aaaa17b8743125c"
  integrity sha512-CzFr90qM24ju5f88quFC/6qohjC144rehe5n6DH900lgXmUe86+xCKc10ev56gRKC4/BkHUoG4uSiQgBiIXwDA==

pixelmatch@^4.0.2:
  version "4.0.2"
  resolved "https://registry.yarnpkg.com/pixelmatch/-/pixelmatch-4.0.2.tgz#8f47dcec5011b477b67db03c243bc1f3085e8854"
  integrity sha1-j0fc7FARtHe2fbA8JDvB8wheiFQ=
  dependencies:
    pngjs "^3.0.0"

pngjs@^3.0.0, pngjs@^3.3.3:
  version "3.4.0"
  resolved "https://registry.yarnpkg.com/pngjs/-/pngjs-3.4.0.tgz#99ca7d725965fb655814eaf65f38f12bbdbf555f"
  integrity sha512-NCrCHhWmnQklfH4MtJMRjZ2a8c80qXeMlQMv2uVp9ISJMTt562SbGd6n2oq0PaPgKm7Z6pL9E2UlLIhC+SHL3w==

process@~0.5.1:
  version "0.5.2"
  resolved "https://registry.yarnpkg.com/process/-/process-0.5.2.tgz#1638d8a8e34c2f440a91db95ab9aeb677fc185cf"
  integrity sha1-FjjYqONML0QKkduVq5rrZ3/Bhc8=

regenerator-runtime@^0.13.3, regenerator-runtime@^0.13.4:
  version "0.13.5"
  resolved "https://registry.yarnpkg.com/regenerator-runtime/-/regenerator-runtime-0.13.5.tgz#d878a1d094b4306d10b9096484b33ebd55e26697"
  integrity sha512-ZS5w8CpKFinUzOwW3c83oPeVXoNsrLsaCoLtJvAClH135j/R77RuymhiSErhm2lKcwSCIpmvIWSbDkIfAqKQlA==

sax@>=0.6.0:
  version "1.2.4"
  resolved "https://registry.yarnpkg.com/sax/-/sax-1.2.4.tgz#2816234e2378bddc4e5354fab5caa895df7100d9"
  integrity sha512-NqVDv9TpANUjFm0N8uM5GxL36UgKi9/atZw+x7YFnQ8ckwFGKrl4xX4yWtrey3UJm5nP1kUbnYgLopqWNSRhWw==

timm@^1.6.1:
  version "1.6.2"
  resolved "https://registry.yarnpkg.com/timm/-/timm-1.6.2.tgz#dfd8c6719f7ba1fcfc6295a32670a1c6d166c0bd"
  integrity sha512-IH3DYDL1wMUwmIlVmMrmesw5lZD6N+ZOAFWEyLrtpoL9Bcrs9u7M/vyOnHzDD2SMs4irLkVjqxZbHrXStS/Nmw==

tinycolor2@^1.4.1:
  version "1.4.1"
  resolved "https://registry.yarnpkg.com/tinycolor2/-/tinycolor2-1.4.1.tgz#f4fad333447bc0b07d4dc8e9209d8f39a8ac77e8"
  integrity sha1-9PrTM0R7wLB9TcjpIJ2POaisd+g=

universalify@^1.0.0:
  version "1.0.0"
  resolved "https://registry.yarnpkg.com/universalify/-/universalify-1.0.0.tgz#b61a1da173e8435b2fe3c67d29b9adf8594bd16d"
  integrity sha512-rb6X1W158d7pRQBg5gkR8uPaSfiids68LTJQYOtEUhoJUWBdaQHsuT/EUduxXYxcrt4r5PJ4fuHW1MHT6p0qug==

utif@^2.0.1:
  version "2.0.1"
  resolved "https://registry.yarnpkg.com/utif/-/utif-2.0.1.tgz#9e1582d9bbd20011a6588548ed3266298e711759"
  integrity sha512-Z/S1fNKCicQTf375lIP9G8Sa1H/phcysstNrrSdZKj1f9g58J4NMgb5IgiEZN9/nLMPDwF0W7hdOe9Qq2IYoLg==
  dependencies:
    pako "^1.0.5"

xhr@^2.0.1:
  version "2.5.0"
  resolved "https://registry.yarnpkg.com/xhr/-/xhr-2.5.0.tgz#bed8d1676d5ca36108667692b74b316c496e49dd"
  integrity sha512-4nlO/14t3BNUZRXIXfXe+3N6w3s1KoxcJUUURctd64BLRe67E4gRwp4PjywtDY72fXpZ1y6Ch0VZQRY/gMPzzQ==
  dependencies:
    global "~4.3.0"
    is-function "^1.0.1"
    parse-headers "^2.0.0"
    xtend "^4.0.0"

xml-parse-from-string@^1.0.0:
  version "1.0.1"
  resolved "https://registry.yarnpkg.com/xml-parse-from-string/-/xml-parse-from-string-1.0.1.tgz#a9029e929d3dbcded169f3c6e28238d95a5d5a28"
  integrity sha1-qQKekp09vN7RafPG4oI42VpdWig=

xml2js@^0.4.5:
  version "0.4.23"
  resolved "https://registry.yarnpkg.com/xml2js/-/xml2js-0.4.23.tgz#a0c69516752421eb2ac758ee4d4ccf58843eac66"
  integrity sha512-ySPiMjM0+pLDftHgXY4By0uswI3SPKLDw/i3UXbnO8M/p28zqexCUoPmQFrYD+/1BzhGJSs2i1ERWKJAtiLrug==
  dependencies:
    sax ">=0.6.0"
    xmlbuilder "~11.0.0"

xmlbuilder@~11.0.0:
  version "11.0.1"
  resolved "https://registry.yarnpkg.com/xmlbuilder/-/xmlbuilder-11.0.1.tgz#be9bae1c8a046e76b31127726347d0ad7002beb3"
  integrity sha512-fDlsI/kFEx7gLvbecc0/ohLG50fugQp8ryHzMTuW9vSa1GJ0XYWKnhsUx7oie3G98+r56aTQIUB4kht42R3JvA==

xtend@^4.0.0:
  version "4.0.2"
  resolved "https://registry.yarnpkg.com/xtend/-/xtend-4.0.2.tgz#bb72779f5fa465186b1f438f674fa347fdb5db54"
  integrity sha512-LKYU1iAXJXUgAXn9URjiu+MWhyUXHsvfp7mcuYm9dSUKK0/CjtrUwFAxD82/mCWbtLsGjFIad0wIsod4zrTAEQ==
