# THIS IS AN AUTOGENERATED FILE. DO NOT EDIT THIS FILE DIRECTLY.
# yarn lockfile v1


"@jimp/bmp@^0.8.4":
  version "0.8.4"
  resolved "https://registry.yarnpkg.com/@jimp/bmp/-/bmp-0.8.4.tgz#3246e0c6b073b3e2d9b61075ac0146d9124c9277"
  integrity sha512-Cf/V+SUyEVxCCP8q1emkarCHJ8NkLFcLp41VMqBihoR4ke0TIPfCSdgW/JXbM/28vvZ5a2bvMe6uOll6cFggvA==
  dependencies:
    "@jimp/utils" "^0.8.4"
    bmp-js "^0.1.0"
    core-js "^2.5.7"

"@jimp/core@^0.8.4":
  version "0.8.4"
  resolved "https://registry.yarnpkg.com/@jimp/core/-/core-0.8.4.tgz#fbdb3cb0823301381736e988674f14c282dc5c63"
  integrity sha512-3fK5UEOEQsfSDhsrAgBT6W8Up51qkeCj9RVjusxUaEGmix34PO/KTVfzURlu6NOpOUvtfNXsCq9xS7cxBTWSCA==
  dependencies:
    "@jimp/utils" "^0.8.4"
    any-base "^1.1.0"
    buffer "^5.2.0"
    core-js "^2.5.7"
    exif-parser "^0.1.12"
    file-type "^9.0.0"
    load-bmfont "^1.3.1"
    mkdirp "0.5.1"
    phin "^2.9.1"
    pixelmatch "^4.0.2"
    tinycolor2 "^1.4.1"

"@jimp/custom@^0.8.4":
  version "0.8.4"
  resolved "https://registry.yarnpkg.com/@jimp/custom/-/custom-0.8.4.tgz#abd61281ce12194ae23046ee71d60b754b515bc8"
  integrity sha512-iS/RB3QQKpm4QS8lxxtQzvYDMph9YvOn3d68gMM4pDKn95n3nt5/ySHFv6fQq/yzfox1OPdeYaXbOLvC3+ofqw==
  dependencies:
    "@jimp/core" "^0.8.4"
    core-js "^2.5.7"

"@jimp/gif@^0.8.4":
  version "0.8.4"
  resolved "https://registry.yarnpkg.com/@jimp/gif/-/gif-0.8.4.tgz#1429a71ed3b055f73d63c9b195fa7f0a46e947b5"
  integrity sha512-YpHZ7aWzmrviY7YigXRolHs6oBhGJItRry8fh3zebAgKth06GMv58ce84yXXOKX4yQ+QGd6GgOWzePx+KMP9TA==
  dependencies:
    "@jimp/utils" "^0.8.4"
    core-js "^2.5.7"
    omggif "^1.0.9"

"@jimp/jpeg@^0.8.4":
  version "0.8.4"
  resolved "https://registry.yarnpkg.com/@jimp/jpeg/-/jpeg-0.8.4.tgz#effde867116f88f59ac20b44b1a526b11caca026"
  integrity sha512-7exKk3LNPKJgsFzUPL+mOJtIEHcLp6yU9sVbULffVDjVUun6/Are2tCX8rCXZq28yiUhofzr61k5UqjkKFJXrA==
  dependencies:
    "@jimp/utils" "^0.8.4"
    core-js "^2.5.7"
    jpeg-js "^0.3.4"

"@jimp/plugin-blit@^0.8.4":
  version "0.8.4"
  resolved "https://registry.yarnpkg.com/@jimp/plugin-blit/-/plugin-blit-0.8.4.tgz#991b4199cc5506f0faae22b821b14ec93fbce1bb"
  integrity sha512-H9bpetmOUgEHpkDSRzbXLMXQhr34i8YicYV3EDeuHU8mKlAjtMbVpbp5ZN4mcadTz+EYdTdVNfQNsRCcIb5Oeg==
  dependencies:
    "@jimp/utils" "^0.8.4"
    core-js "^2.5.7"

"@jimp/plugin-blur@^0.8.4":
  version "0.8.4"
  resolved "https://registry.yarnpkg.com/@jimp/plugin-blur/-/plugin-blur-0.8.4.tgz#460f79c45eda7f24adf624a691134d6192d3dbb4"
  integrity sha512-gvEDWW7+MI9Hk1KKzuFliRdDPaofkxB4pRJ/n1hipDoOGcNYFqxx5FGNQ4wsGSDpQ+RiHZF+JGKKb+EIwHg+0Q==
  dependencies:
    "@jimp/utils" "^0.8.4"
    core-js "^2.5.7"

"@jimp/plugin-color@^0.8.4":
  version "0.8.4"
  resolved "https://registry.yarnpkg.com/@jimp/plugin-color/-/plugin-color-0.8.4.tgz#a9aa525421ea50bf2c1baec7618f73b7e4fc3464"
  integrity sha512-DHCGMxInCI1coXMIfdZJ5G/4hpt5yZLNB5+oUIxT4aClzyhUjqD4xOcnO7hlPY6LuX8+FX7cYMHhdMfhTXB3Dg==
  dependencies:
    "@jimp/utils" "^0.8.4"
    core-js "^2.5.7"
    tinycolor2 "^1.4.1"

"@jimp/plugin-contain@^0.8.4":
  version "0.8.4"
  resolved "https://registry.yarnpkg.com/@jimp/plugin-contain/-/plugin-contain-0.8.4.tgz#2db8c12de910490cd74f339e9414a968b8c9328e"
  integrity sha512-3wwLXig5LkOMg5FrNZrX/r99ehaA+0s3dkro3CiRg0Ez6Y0fz067so+HdsmqmoG78WY/dCdgdps/xLOW2VV4DQ==
  dependencies:
    "@jimp/utils" "^0.8.4"
    core-js "^2.5.7"

"@jimp/plugin-cover@^0.8.4":
  version "0.8.4"
  resolved "https://registry.yarnpkg.com/@jimp/plugin-cover/-/plugin-cover-0.8.4.tgz#a09bfbbe88129754ca35e281707bc5ed3f3f0c63"
  integrity sha512-U0xmSfGLmw0Ieiw00CM8DQ+XoQVBxbjsLE5To8EejnyLx5X+oNZ8r7E5EsQaushUlzij95IqMCloo+nCGhdYMw==
  dependencies:
    "@jimp/utils" "^0.8.4"
    core-js "^2.5.7"

"@jimp/plugin-crop@^0.8.4":
  version "0.8.4"
  resolved "https://registry.yarnpkg.com/@jimp/plugin-crop/-/plugin-crop-0.8.4.tgz#ca5bd359c4e4b2374777bae6130e8b94552932fa"
  integrity sha512-Neqs0K4cr7SU9nSte2qvGVh/8+K9ArH8mH1fWhZw4Zq8qD9NicX+g5hqmpmeSjOKD73t/jOmwvBevfJDu2KKSA==
  dependencies:
    "@jimp/utils" "^0.8.4"
    core-js "^2.5.7"

"@jimp/plugin-displace@^0.8.4":
  version "0.8.4"
  resolved "https://registry.yarnpkg.com/@jimp/plugin-displace/-/plugin-displace-0.8.4.tgz#c6d5cff889e52cb64194979967e6bd7fff4d5d1b"
  integrity sha512-qKCwAP2lAO3R8ofYaEF/Gh+sfcjzZLtEiYHzjx/mYvPpXS6Yvkvl28aUH8pwdJYT+QYGelHmOne0RJvjsac1NQ==
  dependencies:
    "@jimp/utils" "^0.8.4"
    core-js "^2.5.7"

"@jimp/plugin-dither@^0.8.4":
  version "0.8.4"
  resolved "https://registry.yarnpkg.com/@jimp/plugin-dither/-/plugin-dither-0.8.4.tgz#a2320d6a8c467cf7697109e0c5ed4ee3d3898b73"
  integrity sha512-19+y5VAO6d0keRne9eJCdOeB9X0LFuRdRSjgwl/57JtREeoPj+iKBg6REBl4atiSGd7/UCFg3wRtFOw24XFKgw==
  dependencies:
    "@jimp/utils" "^0.8.4"
    core-js "^2.5.7"

"@jimp/plugin-flip@^0.8.4":
  version "0.8.4"
  resolved "https://registry.yarnpkg.com/@jimp/plugin-flip/-/plugin-flip-0.8.4.tgz#08bf46470c3c0b4890691f554c28ccf17813746f"
  integrity sha512-1BtKtc8cANuGgiWyOmltQZaR3Y5Og/GS/db8wBpFNLJ33Ir5UAGN2raDtx4EYEd5okuRVFj3OP+wAZl69m72LQ==
  dependencies:
    "@jimp/utils" "^0.8.4"
    core-js "^2.5.7"

"@jimp/plugin-gaussian@^0.8.4":
  version "0.8.4"
  resolved "https://registry.yarnpkg.com/@jimp/plugin-gaussian/-/plugin-gaussian-0.8.4.tgz#f3be12c5f16c5670959ab711e69b2963f66f7b4f"
  integrity sha512-qYcVmiJn8l8uDZqk4FlB/qTV8fJgiJAh/xc/WKNEp2E8qFEgxoIPeimPHO8cJorEHqlh8I8l24OZkTkkEKaFfw==
  dependencies:
    "@jimp/utils" "^0.8.4"
    core-js "^2.5.7"

"@jimp/plugin-invert@^0.8.4":
  version "0.8.4"
  resolved "https://registry.yarnpkg.com/@jimp/plugin-invert/-/plugin-invert-0.8.4.tgz#fd4577beba2973f663164f5ee454b2172ca56b34"
  integrity sha512-OQ/dFDbBUmEd935Gitl5Pmgz+nLVyszwS0RqL6+G1U9EHYBeiHDrmY2sj7NgDjDEJYlRLxGlBRsTIPHzF3tdNw==
  dependencies:
    "@jimp/utils" "^0.8.4"
    core-js "^2.5.7"

"@jimp/plugin-mask@^0.8.4":
  version "0.8.4"
  resolved "https://registry.yarnpkg.com/@jimp/plugin-mask/-/plugin-mask-0.8.4.tgz#0dfe02a14530c3bddfc258e83bd3c979e53d15ef"
  integrity sha512-uqLdRGShHwCd9RHv8bMntTfDNDI2pcEeE7+F868P6PngWLKrzQCpuAyTnK6WK0ZN95fSsgy7TzCoesYk+FchkQ==
  dependencies:
    "@jimp/utils" "^0.8.4"
    core-js "^2.5.7"

"@jimp/plugin-normalize@^0.8.4":
  version "0.8.4"
  resolved "https://registry.yarnpkg.com/@jimp/plugin-normalize/-/plugin-normalize-0.8.4.tgz#aa2c3131082b6ceef2fb6222323db9f7d837447c"
  integrity sha512-+ihgQeVD8syWxw12F5ngUUdtlIcGDqH7hEoHcwVVGOFfaJqR4YBQR4FM3QLFFFdi2X/uK2nGJt9cMh0UaINEgw==
  dependencies:
    "@jimp/utils" "^0.8.4"
    core-js "^2.5.7"

"@jimp/plugin-print@^0.8.4":
  version "0.8.4"
  resolved "https://registry.yarnpkg.com/@jimp/plugin-print/-/plugin-print-0.8.4.tgz#c110d6e7632e3c9cf47ce395e36b0f3c1461a9ca"
  integrity sha512-Wg5tZI3hW5DG9Caz4wg4ZolS3Lvv4MFAxORPAeWeahDpHs38XZ7ydJ0KR39p2oWJPP0yIFv1fETYpU7BiJPRRw==
  dependencies:
    "@jimp/utils" "^0.8.4"
    core-js "^2.5.7"
    load-bmfont "^1.4.0"

"@jimp/plugin-resize@^0.8.4":
  version "0.8.4"
  resolved "https://registry.yarnpkg.com/@jimp/plugin-resize/-/plugin-resize-0.8.4.tgz#6690f50c98cfd89ac3682b58ba9623e7c46e0be6"
  integrity sha512-z9tumvsQja/YFTSeGvofYLvVws8LZYLYVW8l17hBETzfZQdVEvPOdWKkXqsAsK5uY9m8M5rH7kR8NZbCDVbyzA==
  dependencies:
    "@jimp/utils" "^0.8.4"
    core-js "^2.5.7"

"@jimp/plugin-rotate@^0.8.4":
  version "0.8.4"
  resolved "https://registry.yarnpkg.com/@jimp/plugin-rotate/-/plugin-rotate-0.8.4.tgz#bf3ea70d10123f1372507b74d06bfefb40b3e526"
  integrity sha512-PVxpt3DjqaUnHP6Nd3tzZjl4SYe/FYXszGTshtx51AMuvZLnpvekrrclYyc7Dc1Ry3kx3ma6UuLCvmf85hrdmw==
  dependencies:
    "@jimp/utils" "^0.8.4"
    core-js "^2.5.7"

"@jimp/plugin-scale@^0.8.4":
  version "0.8.4"
  resolved "https://registry.yarnpkg.com/@jimp/plugin-scale/-/plugin-scale-0.8.4.tgz#2de9cc80d49f6a36e4177b22e0ab1d4305331c2e"
  integrity sha512-PrBTOMJ5n4gbIvRNxWfc1MdgHw4vd5r1UOHRVuc6ZQ9Z/FueBuvIidnz7GBRHbsRm3IjckvsLfEL1nIK0Kqh3A==
  dependencies:
    "@jimp/utils" "^0.8.4"
    core-js "^2.5.7"

"@jimp/plugins@^0.8.4":
  version "0.8.4"
  resolved "https://registry.yarnpkg.com/@jimp/plugins/-/plugins-0.8.4.tgz#af24c0686aec327f3abcc50ba5bbae1df2113fb0"
  integrity sha512-Vd0oCe0bj7c+crHL6ee178q2c1o50UnbCmc0imHYg7M+pY8S1kl4ubZWwkAg2W96FCarGrm9eqPvCUyAdFOi9w==
  dependencies:
    "@jimp/plugin-blit" "^0.8.4"
    "@jimp/plugin-blur" "^0.8.4"
    "@jimp/plugin-color" "^0.8.4"
    "@jimp/plugin-contain" "^0.8.4"
    "@jimp/plugin-cover" "^0.8.4"
    "@jimp/plugin-crop" "^0.8.4"
    "@jimp/plugin-displace" "^0.8.4"
    "@jimp/plugin-dither" "^0.8.4"
    "@jimp/plugin-flip" "^0.8.4"
    "@jimp/plugin-gaussian" "^0.8.4"
    "@jimp/plugin-invert" "^0.8.4"
    "@jimp/plugin-mask" "^0.8.4"
    "@jimp/plugin-normalize" "^0.8.4"
    "@jimp/plugin-print" "^0.8.4"
    "@jimp/plugin-resize" "^0.8.4"
    "@jimp/plugin-rotate" "^0.8.4"
    "@jimp/plugin-scale" "^0.8.4"
    core-js "^2.5.7"
    timm "^1.6.1"

"@jimp/png@^0.8.4":
  version "0.8.4"
  resolved "https://registry.yarnpkg.com/@jimp/png/-/png-0.8.4.tgz#d150ddaaebafcda83d820390f62a4d3c409acc03"
  integrity sha512-DLj260SwQr9ZNhSto1BacXGNRhIQiLNOESPoq5DGjbqiPCmYNxE7CPlXB1BVh0T3AmZBjnZkZORU0Y9wTi3gJw==
  dependencies:
    "@jimp/utils" "^0.8.4"
    core-js "^2.5.7"
    pngjs "^3.3.3"

"@jimp/tiff@^0.8.4":
  version "0.8.4"
  resolved "https://registry.yarnpkg.com/@jimp/tiff/-/tiff-0.8.4.tgz#bc18c32cef996ad986a92bb7d926d6abd1db9d10"
  integrity sha512-SQmf1B/TbCtbwzJReLw/lzGqbeu8MOfT+wkaia0XWS72H6bEW66PTQKhB4/3uzC/Xnmsep1WNQITlwcWdgc36Q==
  dependencies:
    core-js "^2.5.7"
    utif "^2.0.1"

"@jimp/types@^0.8.4":
  version "0.8.4"
  resolved "https://registry.yarnpkg.com/@jimp/types/-/types-0.8.4.tgz#01df00a5adb955cb4ba79df1288408faa3bb40ed"
  integrity sha512-BCehQ5hrTOGDGdeROwXOYqgFGAzJPkuXmVJXgMgBoW1YjoGWhXJ5iShaJ/l7DRErrdezoWUdAhTFlV5bJf51dg==
  dependencies:
    "@jimp/bmp" "^0.8.4"
    "@jimp/gif" "^0.8.4"
    "@jimp/jpeg" "^0.8.4"
    "@jimp/png" "^0.8.4"
    "@jimp/tiff" "^0.8.4"
    core-js "^2.5.7"
    timm "^1.6.1"

"@jimp/utils@^0.8.4":
  version "0.8.4"
  resolved "https://registry.yarnpkg.com/@jimp/utils/-/utils-0.8.4.tgz#a6bbdc13dba99b95d4cabf0bde87b1bcd2230d25"
  integrity sha512-6Cwplao7IgwhFRijMvvyjdV7Sa7Fw71vS1aDsUDCVpi3XHsiLUM+nPTno6OKjzg2z2EufuolWPEvuq/GSte4lA==
  dependencies:
    core-js "^2.5.7"

"@zeit/ncc@^0.20.5":
  version "0.20.5"
  resolved "https://registry.yarnpkg.com/@zeit/ncc/-/ncc-0.20.5.tgz#a41af6e6bcab4a58f4612bae6137f70bce0192e3"
  integrity sha512-XU6uzwvv95DqxciQx+aOLhbyBx/13ky+RK1y88Age9Du3BlA4mMPCy13BGjayOrrumOzlq1XV3SD/BWiZENXlw==

any-base@^1.1.0:
  version "1.1.0"
  resolved "https://registry.yarnpkg.com/any-base/-/any-base-1.1.0.tgz#ae101a62bc08a597b4c9ab5b7089d456630549fe"
  integrity sha512-uMgjozySS8adZZYePpaWs8cxB9/kdzmpX6SgJZ+wbz1K5eYk5QMYDVJaZKhxyIHUdnnJkfR7SVgStgH7LkGUyg==

base64-js@^1.0.2:
  version "1.3.1"
  resolved "https://registry.yarnpkg.com/base64-js/-/base64-js-1.3.1.tgz#58ece8cb75dd07e71ed08c736abc5fac4dbf8df1"
  integrity sha512-mLQ4i2QO1ytvGWFWmcngKO//JXAQueZvwEKtjgQFM4jIK0kU+ytMfplL8j+n5mspOfjHwoAg+9yhb7BwAHm36g==

bmp-js@^0.1.0:
  version "0.1.0"
  resolved "https://registry.yarnpkg.com/bmp-js/-/bmp-js-0.1.0.tgz#e05a63f796a6c1ff25f4771ec7adadc148c07233"
  integrity sha1-4Fpj95amwf8l9Hcex62twUjAcjM=

buffer-equal@0.0.1:
  version "0.0.1"
  resolved "https://registry.yarnpkg.com/buffer-equal/-/buffer-equal-0.0.1.tgz#91bc74b11ea405bc916bc6aa908faafa5b4aac4b"
  integrity sha1-kbx0sR6kBbyRa8aqkI+q+ltKrEs=

buffer@^5.2.0:
  version "5.4.0"
  resolved "https://registry.yarnpkg.com/buffer/-/buffer-5.4.0.tgz#33294f5c1f26e08461e528b69fa06de3c45cbd8c"
  integrity sha512-Xpgy0IwHK2N01ncykXTy6FpCWuM+CJSHoPVBLyNqyrWxsedpLvwsYUhf0ME3WRFNUhos0dMamz9cOS/xRDtU5g==
  dependencies:
    base64-js "^1.0.2"
    ieee754 "^1.1.4"

core-js@^2.5.7:
  version "2.6.9"
  resolved "https://registry.yarnpkg.com/core-js/-/core-js-2.6.9.tgz#6b4b214620c834152e179323727fc19741b084f2"
  integrity sha512-HOpZf6eXmnl7la+cUdMnLvUxKNqLUzJvgIziQ0DiF3JwSImNphIqdGqzj6hIKyX04MmV0poclQ7+wjWvxQyR2A==

define-properties@^1.1.3:
  version "1.1.3"
  resolved "https://registry.yarnpkg.com/define-properties/-/define-properties-1.1.3.tgz#cf88da6cbee26fe6db7094f61d870cbd84cee9f1"
  integrity sha512-3MqfYKj2lLzdMSf8ZIZE/V+Zuy+BgD6f164e8K2w7dgnpKArBDerGYpM46IYYcjnkdPNMjPk9A6VFB8+3SKlXQ==
  dependencies:
    object-keys "^1.0.12"

dom-walk@^0.1.0:
  version "0.1.1"
  resolved "https://registry.yarnpkg.com/dom-walk/-/dom-walk-0.1.1.tgz#672226dc74c8f799ad35307df936aba11acd6018"
  integrity sha1-ZyIm3HTI95mtNTB9+TaroRrNYBg=

es-abstract@^1.13.0:
  version "1.13.0"
  resolved "https://registry.yarnpkg.com/es-abstract/-/es-abstract-1.13.0.tgz#ac86145fdd5099d8dd49558ccba2eaf9b88e24e9"
  integrity sha512-vDZfg/ykNxQVwup/8E1BZhVzFfBxs9NqMzGcvIJrqg5k2/5Za2bWo40dK2J1pgLngZ7c+Shh8lwYtLGyrwPutg==
  dependencies:
    es-to-primitive "^1.2.0"
    function-bind "^1.1.1"
    has "^1.0.3"
    is-callable "^1.1.4"
    is-regex "^1.0.4"
    object-keys "^1.0.12"

es-to-primitive@^1.2.0:
  version "1.2.0"
  resolved "https://registry.yarnpkg.com/es-to-primitive/-/es-to-primitive-1.2.0.tgz#edf72478033456e8dda8ef09e00ad9650707f377"
  integrity sha512-qZryBOJjV//LaxLTV6UC//WewneB3LcXOL9NP++ozKVXsIIIpm/2c13UDiD9Jp2eThsecw9m3jPqDwTyobcdbg==
  dependencies:
    is-callable "^1.1.4"
    is-date-object "^1.0.1"
    is-symbol "^1.0.2"

exif-parser@^0.1.12:
  version "0.1.12"
  resolved "https://registry.yarnpkg.com/exif-parser/-/exif-parser-0.1.12.tgz#58a9d2d72c02c1f6f02a0ef4a9166272b7760922"
  integrity sha1-WKnS1ywCwfbwKg70qRZicrd2CSI=

file-type@^9.0.0:
  version "9.0.0"
  resolved "https://registry.yarnpkg.com/file-type/-/file-type-9.0.0.tgz#a68d5ad07f486414dfb2c8866f73161946714a18"
  integrity sha512-Qe/5NJrgIOlwijpq3B7BEpzPFcgzggOTagZmkXQY4LA6bsXKTUstK7Wp12lEJ/mLKTpvIZxmIuRcLYWT6ov9lw==

for-each@^0.3.3:
  version "0.3.3"
  resolved "https://registry.yarnpkg.com/for-each/-/for-each-0.3.3.tgz#69b447e88a0a5d32c3e7084f3f1710034b21376e"
  integrity sha512-jqYfLp7mo9vIyQf8ykW2v7A+2N4QjeCeI5+Dz9XraiO1ign81wjiH7Fb9vSOWvQfNtmSa4H2RoQTrrXivdUZmw==
  dependencies:
    is-callable "^1.1.3"

fs-extra@^8.1.0:
  version "8.1.0"
  resolved "https://registry.yarnpkg.com/fs-extra/-/fs-extra-8.1.0.tgz#49d43c45a88cd9677668cb7be1b46efdb8d2e1c0"
  integrity sha512-yhlQgA6mnOJUKOsRUFsgJdQCvkKhcz8tlZG5HBQfReYZy46OwLcY+Zia0mtdHsOo9y/hP+CxMN0TU9QxoOtG4g==
  dependencies:
    graceful-fs "^4.2.0"
    jsonfile "^4.0.0"
    universalify "^0.1.0"

function-bind@^1.1.1:
  version "1.1.1"
  resolved "https://registry.yarnpkg.com/function-bind/-/function-bind-1.1.1.tgz#a56899d3ea3c9bab874bb9773b7c5ede92f4895d"
  integrity sha512-yIovAzMX49sF8Yl58fSCWJ5svSLuaibPxXQJFLmBObTuCr0Mf1KiPopGM9NiFjiYBCbfaa2Fh6breQ6ANVTI0A==

global@~4.3.0:
  version "4.3.2"
  resolved "https://registry.yarnpkg.com/global/-/global-4.3.2.tgz#e76989268a6c74c38908b1305b10fc0e394e9d0f"
  integrity sha1-52mJJopsdMOJCLEwWxD8DjlOnQ8=
  dependencies:
    min-document "^2.19.0"
    process "~0.5.1"

graceful-fs@^4.1.6, graceful-fs@^4.2.0:
  version "4.2.2"
  resolved "https://registry.yarnpkg.com/graceful-fs/-/graceful-fs-4.2.2.tgz#6f0952605d0140c1cfdb138ed005775b92d67b02"
  integrity sha512-IItsdsea19BoLC7ELy13q1iJFNmd7ofZH5+X/pJr90/nRoPEX0DJo1dHDbgtYWOhJhcCgMDTOw84RZ72q6lB+Q==

has-symbols@^1.0.0:
  version "1.0.0"
  resolved "https://registry.yarnpkg.com/has-symbols/-/has-symbols-1.0.0.tgz#ba1a8f1af2a0fc39650f5c850367704122063b44"
  integrity sha1-uhqPGvKg/DllD1yFA2dwQSIGO0Q=

has@^1.0.1, has@^1.0.3:
  version "1.0.3"
  resolved "https://registry.yarnpkg.com/has/-/has-1.0.3.tgz#722d7cbfc1f6aa8241f16dd814e011e1f41e8796"
  integrity sha512-f2dvO0VU6Oej7RkWJGrehjbzMAjFp5/VKPp5tTpWIV4JHHZK1/BxbFRtf/siA2SWTe09caDmVtYYzWEIbBS4zw==
  dependencies:
    function-bind "^1.1.1"

ieee754@^1.1.4:
  version "1.1.13"
  resolved "https://registry.yarnpkg.com/ieee754/-/ieee754-1.1.13.tgz#ec168558e95aa181fd87d37f55c32bbcb6708b84"
  integrity sha512-4vf7I2LYV/HaWerSo3XmlMkp5eZ83i+/CDluXi/IGTs/O1sejBNhTtnxzmRZfvOUqj7lZjqHkeTvpgSFDlWZTg==

is-callable@^1.1.3, is-callable@^1.1.4:
  version "1.1.4"
  resolved "https://registry.yarnpkg.com/is-callable/-/is-callable-1.1.4.tgz#1e1adf219e1eeb684d691f9d6a05ff0d30a24d75"
  integrity sha512-r5p9sxJjYnArLjObpjA4xu5EKI3CuKHkJXMhT7kwbpUyIFD1n5PMAsoPvWnvtZiNz7LjkYDRZhd7FlI0eMijEA==

is-date-object@^1.0.1:
  version "1.0.1"
  resolved "https://registry.yarnpkg.com/is-date-object/-/is-date-object-1.0.1.tgz#9aa20eb6aeebbff77fbd33e74ca01b33581d3a16"
  integrity sha1-mqIOtq7rv/d/vTPnTKAbM1gdOhY=

is-function@^1.0.1:
  version "1.0.1"
  resolved "https://registry.yarnpkg.com/is-function/-/is-function-1.0.1.tgz#12cfb98b65b57dd3d193a3121f5f6e2f437602b5"
  integrity sha1-Es+5i2W1fdPRk6MSH19uL0N2ArU=

is-regex@^1.0.4:
  version "1.0.4"
  resolved "https://registry.yarnpkg.com/is-regex/-/is-regex-1.0.4.tgz#5517489b547091b0930e095654ced25ee97e9491"
  integrity sha1-VRdIm1RwkbCTDglWVM7SXul+lJE=
  dependencies:
    has "^1.0.1"

is-symbol@^1.0.2:
  version "1.0.2"
  resolved "https://registry.yarnpkg.com/is-symbol/-/is-symbol-1.0.2.tgz#a055f6ae57192caee329e7a860118b497a950f38"
  integrity sha512-HS8bZ9ox60yCJLH9snBpIwv9pYUAkcuLhSA1oero1UB5y9aiQpRA8y2ex945AOtCZL1lJDeIk3G5LthswI46Lw==
  dependencies:
    has-symbols "^1.0.0"

jimp@^0.8.4:
  version "0.8.4"
  resolved "https://registry.yarnpkg.com/jimp/-/jimp-0.8.4.tgz#9c7c6ee4c8992e585a60914c62aee0c5e5c7955b"
  integrity sha512-xCPvd2HIH8iR7+gWVnivzXwiQGnLBmLDpaEj5M0vQf3uur5MuLCOWbBduAdk6r3ur8X0kwgM4eEM0i7o+k9x9g==
  dependencies:
    "@jimp/custom" "^0.8.4"
    "@jimp/plugins" "^0.8.4"
    "@jimp/types" "^0.8.4"
    core-js "^2.5.7"
    regenerator-runtime "^0.13.3"

jpeg-js@^0.3.4:
  version "0.3.6"
  resolved "https://registry.yarnpkg.com/jpeg-js/-/jpeg-js-0.3.6.tgz#c40382aac9506e7d1f2d856eb02f6c7b2a98b37c"
  integrity sha512-MUj2XlMB8kpe+8DJUGH/3UJm4XpI8XEgZQ+CiHDeyrGoKPdW/8FJv6ku+3UiYm5Fz3CWaL+iXmD8Q4Ap6aC1Jw==

jsonfile@^4.0.0:
  version "4.0.0"
  resolved "https://registry.yarnpkg.com/jsonfile/-/jsonfile-4.0.0.tgz#8771aae0799b64076b76640fca058f9c10e33ecb"
  integrity sha1-h3Gq4HmbZAdrdmQPygWPnBDjPss=
  optionalDependencies:
    graceful-fs "^4.1.6"

load-bmfont@^1.3.1, load-bmfont@^1.4.0:
  version "1.4.0"
  resolved "https://registry.yarnpkg.com/load-bmfont/-/load-bmfont-1.4.0.tgz#75f17070b14a8c785fe7f5bee2e6fd4f98093b6b"
  integrity sha512-kT63aTAlNhZARowaNYcY29Fn/QYkc52M3l6V1ifRcPewg2lvUZDAj7R6dXjOL9D0sict76op3T5+odumDSF81g==
  dependencies:
    buffer-equal "0.0.1"
    mime "^1.3.4"
    parse-bmfont-ascii "^1.0.3"
    parse-bmfont-binary "^1.0.5"
    parse-bmfont-xml "^1.1.4"
    phin "^2.9.1"
    xhr "^2.0.1"
    xtend "^4.0.0"

mime@^1.3.4:
  version "1.6.0"
  resolved "https://registry.yarnpkg.com/mime/-/mime-1.6.0.tgz#32cd9e5c64553bd58d19a568af452acff04981b1"
  integrity sha512-x0Vn8spI+wuJ1O6S7gnbaQg8Pxh4NNHb7KSINmEWKiPE4RKOplvijn+NkmYmmRgP68mc70j2EbeTFRsrswaQeg==

min-document@^2.19.0:
  version "2.19.0"
  resolved "https://registry.yarnpkg.com/min-document/-/min-document-2.19.0.tgz#7bd282e3f5842ed295bb748cdd9f1ffa2c824685"
  integrity sha1-e9KC4/WELtKVu3SM3Z8f+iyCRoU=
  dependencies:
    dom-walk "^0.1.0"

minimist@0.0.8:
  version "0.0.8"
  resolved "https://registry.yarnpkg.com/minimist/-/minimist-0.0.8.tgz#857fcabfc3397d2625b8228262e86aa7a011b05d"
  integrity sha1-hX/Kv8M5fSYluCKCYuhqp6ARsF0=

mkdirp@0.5.1:
  version "0.5.1"
  resolved "https://registry.yarnpkg.com/mkdirp/-/mkdirp-0.5.1.tgz#30057438eac6cf7f8c4767f38648d6697d75c903"
  integrity sha1-MAV0OOrGz3+MR2fzhkjWaX11yQM=
  dependencies:
    minimist "0.0.8"

object-keys@^1.0.12:
  version "1.1.1"
  resolved "https://registry.yarnpkg.com/object-keys/-/object-keys-1.1.1.tgz#1c47f272df277f3b1daf061677d9c82e2322c60e"
  integrity sha512-NuAESUOUMrlIXOfHKzD6bpPu3tYt3xvjNdRIQ+FeT0lNb4K8WR70CaDxhuNguS2XG+GjkyMwOzsN5ZktImfhLA==

omggif@^1.0.9:
  version "1.0.10"
  resolved "https://registry.yarnpkg.com/omggif/-/omggif-1.0.10.tgz#ddaaf90d4a42f532e9e7cb3a95ecdd47f17c7b19"
  integrity sha512-LMJTtvgc/nugXj0Vcrrs68Mn2D1r0zf630VNtqtpI1FEO7e+O9FP4gqs9AcnBaSEeoHIPm28u6qgPR0oyEpGSw==

pako@^1.0.5:
  version "1.0.10"
  resolved "https://registry.yarnpkg.com/pako/-/pako-1.0.10.tgz#4328badb5086a426aa90f541977d4955da5c9732"
  integrity sha512-0DTvPVU3ed8+HNXOu5Bs+o//Mbdj9VNQMUOe9oKCwh8l0GNwpTDMKCWbRjgtD291AWnkAgkqA/LOnQS8AmS1tw==

parse-bmfont-ascii@^1.0.3:
  version "1.0.6"
  resolved "https://registry.yarnpkg.com/parse-bmfont-ascii/-/parse-bmfont-ascii-1.0.6.tgz#11ac3c3ff58f7c2020ab22769079108d4dfa0285"
  integrity sha1-Eaw8P/WPfCAgqyJ2kHkQjU36AoU=

parse-bmfont-binary@^1.0.5:
  version "1.0.6"
  resolved "https://registry.yarnpkg.com/parse-bmfont-binary/-/parse-bmfont-binary-1.0.6.tgz#d038b476d3e9dd9db1e11a0b0e53a22792b69006"
  integrity sha1-0Di0dtPp3Z2x4RoLDlOiJ5K2kAY=

parse-bmfont-xml@^1.1.4:
  version "1.1.4"
  resolved "https://registry.yarnpkg.com/parse-bmfont-xml/-/parse-bmfont-xml-1.1.4.tgz#015319797e3e12f9e739c4d513872cd2fa35f389"
  integrity sha512-bjnliEOmGv3y1aMEfREMBJ9tfL3WR0i0CKPj61DnSLaoxWR3nLrsQrEbCId/8rF4NyRF0cCqisSVXyQYWM+mCQ==
  dependencies:
    xml-parse-from-string "^1.0.0"
    xml2js "^0.4.5"

parse-headers@^2.0.0:
  version "2.0.2"
  resolved "https://registry.yarnpkg.com/parse-headers/-/parse-headers-2.0.2.tgz#9545e8a4c1ae5eaea7d24992bca890281ed26e34"
  integrity sha512-/LypJhzFmyBIDYP9aDVgeyEb5sQfbfY5mnDq4hVhlQ69js87wXfmEI5V3xI6vvXasqebp0oCytYFLxsBVfCzSg==
  dependencies:
    for-each "^0.3.3"
    string.prototype.trim "^1.1.2"

phin@^2.9.1:
  version "2.9.3"
  resolved "https://registry.yarnpkg.com/phin/-/phin-2.9.3.tgz#f9b6ac10a035636fb65dfc576aaaa17b8743125c"
  integrity sha512-CzFr90qM24ju5f88quFC/6qohjC144rehe5n6DH900lgXmUe86+xCKc10ev56gRKC4/BkHUoG4uSiQgBiIXwDA==

pixelmatch@^4.0.2:
  version "4.0.2"
  resolved "https://registry.yarnpkg.com/pixelmatch/-/pixelmatch-4.0.2.tgz#8f47dcec5011b477b67db03c243bc1f3085e8854"
  integrity sha1-j0fc7FARtHe2fbA8JDvB8wheiFQ=
  dependencies:
    pngjs "^3.0.0"

pngjs@^3.0.0, pngjs@^3.3.3:
  version "3.4.0"
  resolved "https://registry.yarnpkg.com/pngjs/-/pngjs-3.4.0.tgz#99ca7d725965fb655814eaf65f38f12bbdbf555f"
  integrity sha512-NCrCHhWmnQklfH4MtJMRjZ2a8c80qXeMlQMv2uVp9ISJMTt562SbGd6n2oq0PaPgKm7Z6pL9E2UlLIhC+SHL3w==

process@~0.5.1:
  version "0.5.2"
  resolved "https://registry.yarnpkg.com/process/-/process-0.5.2.tgz#1638d8a8e34c2f440a91db95ab9aeb677fc185cf"
  integrity sha1-FjjYqONML0QKkduVq5rrZ3/Bhc8=

regenerator-runtime@^0.13.3:
  version "0.13.3"
  resolved "https://registry.yarnpkg.com/regenerator-runtime/-/regenerator-runtime-0.13.3.tgz#7cf6a77d8f5c6f60eb73c5fc1955b2ceb01e6bf5"
  integrity sha512-naKIZz2GQ8JWh///G7L3X6LaQUAMp2lvb1rvwwsURe/VXwD6VMfr+/1NuNw3ag8v2kY1aQ/go5SNn79O9JU7yw==

sax@>=0.6.0:
  version "1.2.4"
  resolved "https://registry.yarnpkg.com/sax/-/sax-1.2.4.tgz#2816234e2378bddc4e5354fab5caa895df7100d9"
  integrity sha512-NqVDv9TpANUjFm0N8uM5GxL36UgKi9/atZw+x7YFnQ8ckwFGKrl4xX4yWtrey3UJm5nP1kUbnYgLopqWNSRhWw==

string.prototype.trim@^1.1.2:
  version "1.2.0"
  resolved "https://registry.yarnpkg.com/string.prototype.trim/-/string.prototype.trim-1.2.0.tgz#75a729b10cfc1be439543dae442129459ce61e3d"
  integrity sha512-9EIjYD/WdlvLpn987+ctkLf0FfvBefOCuiEr2henD8X+7jfwPnyvTdmW8OJhj5p+M0/96mBdynLWkxUr+rHlpg==
  dependencies:
    define-properties "^1.1.3"
    es-abstract "^1.13.0"
    function-bind "^1.1.1"

timm@^1.6.1:
  version "1.6.2"
  resolved "https://registry.yarnpkg.com/timm/-/timm-1.6.2.tgz#dfd8c6719f7ba1fcfc6295a32670a1c6d166c0bd"
  integrity sha512-IH3DYDL1wMUwmIlVmMrmesw5lZD6N+ZOAFWEyLrtpoL9Bcrs9u7M/vyOnHzDD2SMs4irLkVjqxZbHrXStS/Nmw==

tinycolor2@^1.4.1:
  version "1.4.1"
  resolved "https://registry.yarnpkg.com/tinycolor2/-/tinycolor2-1.4.1.tgz#f4fad333447bc0b07d4dc8e9209d8f39a8ac77e8"
  integrity sha1-9PrTM0R7wLB9TcjpIJ2POaisd+g=

universalify@^0.1.0:
  version "0.1.2"
  resolved "https://registry.yarnpkg.com/universalify/-/universalify-0.1.2.tgz#b646f69be3942dabcecc9d6639c80dc105efaa66"
  integrity sha512-rBJeI5CXAlmy1pV+617WB9J63U6XcazHHF2f2dbJix4XzpUF0RS3Zbj0FGIOCAva5P/d/GBOYaACQ1w+0azUkg==

utif@^2.0.1:
  version "2.0.1"
  resolved "https://registry.yarnpkg.com/utif/-/utif-2.0.1.tgz#9e1582d9bbd20011a6588548ed3266298e711759"
  integrity sha512-Z/S1fNKCicQTf375lIP9G8Sa1H/phcysstNrrSdZKj1f9g58J4NMgb5IgiEZN9/nLMPDwF0W7hdOe9Qq2IYoLg==
  dependencies:
    pako "^1.0.5"

xhr@^2.0.1:
  version "2.5.0"
  resolved "https://registry.yarnpkg.com/xhr/-/xhr-2.5.0.tgz#bed8d1676d5ca36108667692b74b316c496e49dd"
  integrity sha512-4nlO/14t3BNUZRXIXfXe+3N6w3s1KoxcJUUURctd64BLRe67E4gRwp4PjywtDY72fXpZ1y6Ch0VZQRY/gMPzzQ==
  dependencies:
    global "~4.3.0"
    is-function "^1.0.1"
    parse-headers "^2.0.0"
    xtend "^4.0.0"

xml-parse-from-string@^1.0.0:
  version "1.0.1"
  resolved "https://registry.yarnpkg.com/xml-parse-from-string/-/xml-parse-from-string-1.0.1.tgz#a9029e929d3dbcded169f3c6e28238d95a5d5a28"
  integrity sha1-qQKekp09vN7RafPG4oI42VpdWig=

xml2js@^0.4.5:
  version "0.4.19"
  resolved "https://registry.yarnpkg.com/xml2js/-/xml2js-0.4.19.tgz#686c20f213209e94abf0d1bcf1efaa291c7827a7"
  integrity sha512-esZnJZJOiJR9wWKMyuvSE1y6Dq5LCuJanqhxslH2bxM6duahNZ+HMpCLhBQGZkbX6xRf8x1Y2eJlgt2q3qo49Q==
  dependencies:
    sax ">=0.6.0"
    xmlbuilder "~9.0.1"

xmlbuilder@~9.0.1:
  version "9.0.7"
  resolved "https://registry.yarnpkg.com/xmlbuilder/-/xmlbuilder-9.0.7.tgz#132ee63d2ec5565c557e20f4c22df9aca686b10d"
  integrity sha1-Ey7mPS7FVlxVfiD0wi35rKaGsQ0=

xtend@^4.0.0:
  version "4.0.2"
  resolved "https://registry.yarnpkg.com/xtend/-/xtend-4.0.2.tgz#bb72779f5fa465186b1f438f674fa347fdb5db54"
  integrity sha512-LKYU1iAXJXUgAXn9URjiu+MWhyUXHsvfp7mcuYm9dSUKK0/CjtrUwFAxD82/mCWbtLsGjFIad0wIsod4zrTAEQ==
