# THIS IS AN AUTOGENERATED FILE. DO NOT EDIT THIS FILE DIRECTLY.
# yarn lockfile v1


"@babel/runtime@^7.7.2":
  version "7.9.6"
  resolved "https://registry.yarnpkg.com/@babel/runtime/-/runtime-7.9.6.tgz#a9102eb5cadedf3f31d08a9ecf294af7827ea29f"
  integrity sha512-64AF1xY3OAkFHqOb9s4jpgk1Mm5vDZ4L3acHvAml+53nO1XbXLuDodsVpO4OIUsmemlUHMxNdYMNJmsvOwLrvQ==
  dependencies:
    regenerator-runtime "^0.13.4"

"@jimp/bmp@^0.15.0":
  version "0.15.0"
  resolved "https://registry.yarnpkg.com/@jimp/bmp/-/bmp-0.15.0.tgz#6cf9804c2aa361bbfb2d176f4b31eaec22d53071"
  integrity sha512-22/24Xe0XfO37yPVRaGbtYQzWNweWZaG5DmCObJJaNEdjXb0pYPt4AXxc3HKmAZU7WjlZKaba9glf71hs88FuA==
  dependencies:
    "@babel/runtime" "^7.7.2"
    "@jimp/utils" "^0.15.0"
    bmp-js "^0.1.0"

"@jimp/core@^0.15.0":
  version "0.15.0"
  resolved "https://registry.yarnpkg.com/@jimp/core/-/core-0.15.0.tgz#427a08711c284ee1e1851df8b35a68495eb08cc5"
  integrity sha512-j8hGuzxWJhACM1bua//AZHQ0iPqFi2LwdNYP5ht0JzheGmkc9DjuaI5eI9lAo6dS3IqCSFstFrIHPQuua0Qjbw==
  dependencies:
    "@babel/runtime" "^7.7.2"
    "@jimp/utils" "^0.15.0"
    any-base "^1.1.0"
    buffer "^5.2.0"
    exif-parser "^0.1.12"
    file-type "^9.0.0"
    load-bmfont "^1.3.1"
    mkdirp "^0.5.1"
    phin "^2.9.1"
    pixelmatch "^4.0.2"
    tinycolor2 "^1.4.1"

"@jimp/custom@^0.15.0":
  version "0.15.0"
  resolved "https://registry.yarnpkg.com/@jimp/custom/-/custom-0.15.0.tgz#238e5af9036ce6559660fe251fcc9e158fa1c14f"
  integrity sha512-rLNh4NXpLxQtuwDPR3jCm9zylHD9YBYHoZ8x05XJU6rNqTrxYRlSotTWqQ7UOGbLL+6jMRPjk3Be2MpJgYtRlQ==
  dependencies:
    "@babel/runtime" "^7.7.2"
    "@jimp/core" "^0.15.0"

"@jimp/gif@^0.15.0":
  version "0.15.0"
  resolved "https://registry.yarnpkg.com/@jimp/gif/-/gif-0.15.0.tgz#0ce36b95687935750387b86cf40ca078f7bfa950"
  integrity sha512-M3KRaJt7oxDdUIc1UhMSQuvLYIFpjQ31Fcs7AdYLYNj6a8pPx9/Kkyl9hVMdfS8hVxPEghJNs3KMCJoeaWnjNw==
  dependencies:
    "@babel/runtime" "^7.7.2"
    "@jimp/utils" "^0.15.0"
    gifwrap "^0.9.2"
    omggif "^1.0.9"

"@jimp/jpeg@^0.15.0":
  version "0.15.0"
  resolved "https://registry.yarnpkg.com/@jimp/jpeg/-/jpeg-0.15.0.tgz#b320a64d3ac52cb3d1f10d86741e1358fce4d8ec"
  integrity sha512-i5U9IXPWuhq7cD6qdS9dJlxumb/yEmhvXfG4rVY1tMmd5Yj6Mal72Q3sTZfuPXqRbTuFCR7S5OnVtYPnXAhk2g==
  dependencies:
    "@babel/runtime" "^7.7.2"
    "@jimp/utils" "^0.15.0"
    jpeg-js "^0.4.0"

"@jimp/plugin-blit@^0.15.0":
  version "0.15.0"
  resolved "https://registry.yarnpkg.com/@jimp/plugin-blit/-/plugin-blit-0.15.0.tgz#140ed203f4182c062f254e2c068e4bf9779dc2ca"
  integrity sha512-WxrMPbhvtVqHQnr6IEiwgyoDX0erQ6/d2vkepB7f9iCvrxAOHv2kM2dpVURRlgdfrQaVkcKJWSiTCC/KR/MySg==
  dependencies:
    "@babel/runtime" "^7.7.2"
    "@jimp/utils" "^0.15.0"

"@jimp/plugin-blur@^0.15.0":
  version "0.15.0"
  resolved "https://registry.yarnpkg.com/@jimp/plugin-blur/-/plugin-blur-0.15.0.tgz#0004fa1f42d55b58733e6fae3a479986c5c23443"
  integrity sha512-wM3nVmdo7VS8PP11xRGOXOX5V9RQlmL3Usd+hsa1JyDSPtMDP4Sxw+oyeKtCxfzp4qZU2lxVlXwt4smyemAqCg==
  dependencies:
    "@babel/runtime" "^7.7.2"
    "@jimp/utils" "^0.15.0"

"@jimp/plugin-circle@^0.15.0":
  version "0.15.0"
  resolved "https://registry.yarnpkg.com/@jimp/plugin-circle/-/plugin-circle-0.15.0.tgz#34406290e464b194a2475b81c25053094586f7b5"
  integrity sha512-aOEguzF+xJM0LkVbZT7NqtyTAWlcD1EIu+Dx8Hnp8wrpQPXQOGIuLmI+VQsKZXbQxuB7dYmoNSRnbxHgc0tywA==
  dependencies:
    "@babel/runtime" "^7.7.2"
    "@jimp/utils" "^0.15.0"

"@jimp/plugin-color@^0.15.0":
  version "0.15.0"
  resolved "https://registry.yarnpkg.com/@jimp/plugin-color/-/plugin-color-0.15.0.tgz#ccac68cd96160dfb9346ca0e6af0bc1db988444e"
  integrity sha512-nkEXWXEMNKmvbT4BwWmnjhD/5pTwSeNpM3z3ECi1zRRLmqlxgXMJVB44749mPvv/1Pq89+dxd/QD314x8KSmeA==
  dependencies:
    "@babel/runtime" "^7.7.2"
    "@jimp/utils" "^0.15.0"
    tinycolor2 "^1.4.1"

"@jimp/plugin-contain@^0.15.0":
  version "0.15.0"
  resolved "https://registry.yarnpkg.com/@jimp/plugin-contain/-/plugin-contain-0.15.0.tgz#7c2059cfeb323f057cbb4c41cdad873fdcefe85e"
  integrity sha512-7Yd2c+16lWd+fS4F/PcYHdBXvSUU61pOapVjwNJLm5D/CmoC0CS5eW4MjTCz/6Haf4I/s651OzFELpIDXYj6HQ==
  dependencies:
    "@babel/runtime" "^7.7.2"
    "@jimp/utils" "^0.15.0"

"@jimp/plugin-cover@^0.15.0":
  version "0.15.0"
  resolved "https://registry.yarnpkg.com/@jimp/plugin-cover/-/plugin-cover-0.15.0.tgz#6b8db23fddd8638bc21c7ebf1f7812f1df503487"
  integrity sha512-cUJb5W7prcZSUct5Q95Cv/9PI9YqvguBJOtWSux8gsCJX2f3mGoIFbcO2rrJDFvTTc9FAbXgYxE4QjOyv+S8Qg==
  dependencies:
    "@babel/runtime" "^7.7.2"
    "@jimp/utils" "^0.15.0"

"@jimp/plugin-crop@^0.15.0":
  version "0.15.0"
  resolved "https://registry.yarnpkg.com/@jimp/plugin-crop/-/plugin-crop-0.15.0.tgz#da58d3021eb4c53c420f73431197950f4bc8d07a"
  integrity sha512-+IyCId1ab0wNMMfEQDdojxGNOnW99otqHA1fb8nOXgHCk7Vqtj79tFTPw/uCQ+DEDUPKb1kfL6gjsUaWRPDmdw==
  dependencies:
    "@babel/runtime" "^7.7.2"
    "@jimp/utils" "^0.15.0"

"@jimp/plugin-displace@^0.15.0":
  version "0.15.0"
  resolved "https://registry.yarnpkg.com/@jimp/plugin-displace/-/plugin-displace-0.15.0.tgz#a23cdaf3492039635863ef1265b24d90b6243b9b"
  integrity sha512-Sxk+EfCW5vbxmyGkhRma3TEhXIzb/5j7MgrKCfbZHwIe/MdHtyKcY7R06wAMN3wLzUW+/FaJJhEc32/TddfdTw==
  dependencies:
    "@babel/runtime" "^7.7.2"
    "@jimp/utils" "^0.15.0"

"@jimp/plugin-dither@^0.15.0":
  version "0.15.0"
  resolved "https://registry.yarnpkg.com/@jimp/plugin-dither/-/plugin-dither-0.15.0.tgz#2c67982e2e90cd6648609663f8fe8006ace92427"
  integrity sha512-/BXhN2GU1SUnTu746hjAO+jJzuM9NsnYLZZFrix3e6XEw3s/KdUW8zAaL77zyI78pY1mG4wiYCSPq88hDHjHtA==
  dependencies:
    "@babel/runtime" "^7.7.2"
    "@jimp/utils" "^0.15.0"

"@jimp/plugin-fisheye@^0.15.0":
  version "0.15.0"
  resolved "https://registry.yarnpkg.com/@jimp/plugin-fisheye/-/plugin-fisheye-0.15.0.tgz#7159e70e59b5f3162a12dd3c6398498b42aaaac5"
  integrity sha512-1ovDEErFvHbJl9U7sgPwaUKrLKPOgvlTishyYrVhPbIMBEiAo2pCmEM+dLaDP8tLC5PqVEg15EIpAsghGCEsdg==
  dependencies:
    "@babel/runtime" "^7.7.2"
    "@jimp/utils" "^0.15.0"

"@jimp/plugin-flip@^0.15.0":
  version "0.15.0"
  resolved "https://registry.yarnpkg.com/@jimp/plugin-flip/-/plugin-flip-0.15.0.tgz#05704281f280340fd121916c40c41a24dbf726bb"
  integrity sha512-ShfHlaeitTLwC5QhbBHsGchr4WM7NkUdtCi1zvT0pLzi0BhbymmgnNxV7DwzUx05MSzwKhQZcd4KsFRQNZnXZg==
  dependencies:
    "@babel/runtime" "^7.7.2"
    "@jimp/utils" "^0.15.0"

"@jimp/plugin-gaussian@^0.15.0":
  version "0.15.0"
  resolved "https://registry.yarnpkg.com/@jimp/plugin-gaussian/-/plugin-gaussian-0.15.0.tgz#779038c3decf61e41fbeba4928faf1c55a473242"
  integrity sha512-xpAb727hxSrOGvC8BgflVU/Ru0fKR22JnrYx3glDP9L5Ap8OdEoYYpH9pokflDgqoCPdUsa2oUzPlNIPgi0ceA==
  dependencies:
    "@babel/runtime" "^7.7.2"
    "@jimp/utils" "^0.15.0"

"@jimp/plugin-invert@^0.15.0":
  version "0.15.0"
  resolved "https://registry.yarnpkg.com/@jimp/plugin-invert/-/plugin-invert-0.15.0.tgz#808ac34b74cf970195da9abdd89cddb0250156b0"
  integrity sha512-pSaESvyo8pOSphqPFzdOWpSEqDx5n2Sln9PJiwEQk54KxfEawRV5worr8x2DkAwyVFSSI1BoSNa+KinL63XDGQ==
  dependencies:
    "@babel/runtime" "^7.7.2"
    "@jimp/utils" "^0.15.0"

"@jimp/plugin-mask@^0.15.0":
  version "0.15.0"
  resolved "https://registry.yarnpkg.com/@jimp/plugin-mask/-/plugin-mask-0.15.0.tgz#0b443c12a5c4f67de40a6b13a1a327bd512d7b90"
  integrity sha512-K+9n5U3X9Jv0B5ngBYMV3dMfSVdK+pOudFEK3DkjTZm/yKXbLfQXE8RmKICYf/LPx+eNUus4HpqqhQWp782LRw==
  dependencies:
    "@babel/runtime" "^7.7.2"
    "@jimp/utils" "^0.15.0"

"@jimp/plugin-normalize@^0.15.0":
  version "0.15.0"
  resolved "https://registry.yarnpkg.com/@jimp/plugin-normalize/-/plugin-normalize-0.15.0.tgz#b04bac99d578b23cd3d3d54f9ed471480b42eff3"
  integrity sha512-7vi9nzTLjCr5D0m7QWePBPRG1W3BOQ0bFHRyuHSBb1ew+vxO7WJBJPvJ7ObLKmJk4/JGos3fIEMa9tVdFu1rrA==
  dependencies:
    "@babel/runtime" "^7.7.2"
    "@jimp/utils" "^0.15.0"

"@jimp/plugin-print@^0.15.0":
  version "0.15.0"
  resolved "https://registry.yarnpkg.com/@jimp/plugin-print/-/plugin-print-0.15.0.tgz#9ff60085ca7d05ccc8c090f54d06dfb28044418d"
  integrity sha512-jyCokqwgHYls1fNzLunkY2LoaqCWrJwQlF7z3OcRpwGgEZ6WVTbk+tlmC+1WHe09ZKmzxrCXOZVdMcuaTW5Q+w==
  dependencies:
    "@babel/runtime" "^7.7.2"
    "@jimp/utils" "^0.15.0"
    load-bmfont "^1.4.0"

"@jimp/plugin-resize@^0.15.0":
  version "0.15.0"
  resolved "https://registry.yarnpkg.com/@jimp/plugin-resize/-/plugin-resize-0.15.0.tgz#5c28e0609edef06a1b798a08791a709c2d654541"
  integrity sha512-B8Y7QNfca/T2TnwglRxkfLnfgN8lRKPTnkolbKTI3dcRh4zYIqlArTbpGqZDyxdl0OsokOEMClvGHRE8X7eClw==
  dependencies:
    "@babel/runtime" "^7.7.2"
    "@jimp/utils" "^0.15.0"

"@jimp/plugin-rotate@^0.15.0":
  version "0.15.0"
  resolved "https://registry.yarnpkg.com/@jimp/plugin-rotate/-/plugin-rotate-0.15.0.tgz#c74fb09757fbc01a46d54ee9c7bde335ac025e86"
  integrity sha512-RpMsggeuX4EKiRMT2IrMOxbiRcZSO/GeslnjBwAUycU1UdSt1Td6UMGnRTg6/s0AghscJf/t5mg89K69VJCZFw==
  dependencies:
    "@babel/runtime" "^7.7.2"
    "@jimp/utils" "^0.15.0"

"@jimp/plugin-scale@^0.15.0":
  version "0.15.0"
  resolved "https://registry.yarnpkg.com/@jimp/plugin-scale/-/plugin-scale-0.15.0.tgz#7fdf54fbc5ce8b67d3162f35f5d11149505ac35b"
  integrity sha512-cP0vDYVkwqAOr1yA4XQRfbwQ01MQ2AvLDSU90OMmCPORfQ5N8Wll8oEyT8RGkUyofsJ7YrsCbEPzD40boXA9Xg==
  dependencies:
    "@babel/runtime" "^7.7.2"
    "@jimp/utils" "^0.15.0"

"@jimp/plugin-shadow@^0.15.0":
  version "0.15.0"
  resolved "https://registry.yarnpkg.com/@jimp/plugin-shadow/-/plugin-shadow-0.15.0.tgz#c6652b6a5eae2eaf5f63202be9a5bad99cd49dd9"
  integrity sha512-LfqogBw0QEnNsdvMR3t1nhMIYJVMW5+D4X2WMOElBKxV9TBXeTwBHyoIdz31XFNgG83zeTQD/BO8DrAfWwbAyQ==
  dependencies:
    "@babel/runtime" "^7.7.2"
    "@jimp/utils" "^0.15.0"

"@jimp/plugin-threshold@^0.15.0":
  version "0.15.0"
  resolved "https://registry.yarnpkg.com/@jimp/plugin-threshold/-/plugin-threshold-0.15.0.tgz#2e532af39b76d7d67349a3f1b08f9c4c999e9f40"
  integrity sha512-atqV1lW24aP/3l696W3wdIgSDkciiTigVkK/E6sWCWMo1vhR6Vg7Mu3vmPW+D5pD61yX0sJJgsuK+fypJWG5Uw==
  dependencies:
    "@babel/runtime" "^7.7.2"
    "@jimp/utils" "^0.15.0"

"@jimp/plugins@^0.15.0":
  version "0.15.0"
  resolved "https://registry.yarnpkg.com/@jimp/plugins/-/plugins-0.15.0.tgz#35a358cddb05ef0a606030554494d7f0356d064f"
  integrity sha512-YNkshZo6okT7bXSduu+4njSt+VjHArRHWpzmsP4WmVWH8O17B1drvVJ7X6EBokJjzZ27xAksHrSq0DWa/qR2qg==
  dependencies:
    "@babel/runtime" "^7.7.2"
    "@jimp/plugin-blit" "^0.15.0"
    "@jimp/plugin-blur" "^0.15.0"
    "@jimp/plugin-circle" "^0.15.0"
    "@jimp/plugin-color" "^0.15.0"
    "@jimp/plugin-contain" "^0.15.0"
    "@jimp/plugin-cover" "^0.15.0"
    "@jimp/plugin-crop" "^0.15.0"
    "@jimp/plugin-displace" "^0.15.0"
    "@jimp/plugin-dither" "^0.15.0"
    "@jimp/plugin-fisheye" "^0.15.0"
    "@jimp/plugin-flip" "^0.15.0"
    "@jimp/plugin-gaussian" "^0.15.0"
    "@jimp/plugin-invert" "^0.15.0"
    "@jimp/plugin-mask" "^0.15.0"
    "@jimp/plugin-normalize" "^0.15.0"
    "@jimp/plugin-print" "^0.15.0"
    "@jimp/plugin-resize" "^0.15.0"
    "@jimp/plugin-rotate" "^0.15.0"
    "@jimp/plugin-scale" "^0.15.0"
    "@jimp/plugin-shadow" "^0.15.0"
    "@jimp/plugin-threshold" "^0.15.0"
    timm "^1.6.1"

"@jimp/png@^0.15.0":
  version "0.15.0"
  resolved "https://registry.yarnpkg.com/@jimp/png/-/png-0.15.0.tgz#2dfc2fa3b600321351c5ce037e75bf10cbabcff1"
  integrity sha512-gcWCvdSth5m1/rWzzFyTagsSf1ycKs/Ri/DJXR9/DFPV6YkkbM/WKnZKd6vGdQQL8QA/4SB9sGjQX/iJaMjVcw==
  dependencies:
    "@babel/runtime" "^7.7.2"
    "@jimp/utils" "^0.15.0"
    pngjs "^3.3.3"

"@jimp/tiff@^0.15.0":
  version "0.15.0"
  resolved "https://registry.yarnpkg.com/@jimp/tiff/-/tiff-0.15.0.tgz#4cd0a135944736ae55f796ad083012c897b2b158"
  integrity sha512-LuDAgXWAZJCe5GYWPsBE79JCrEbSkbAe1MsetLUq6NSjmFSfrvoMR279NycBM4q13sM2yMgHuCSeRLJrxZEjmA==
  dependencies:
    "@babel/runtime" "^7.7.2"
    utif "^2.0.1"

"@jimp/types@^0.15.0":
  version "0.15.0"
  resolved "https://registry.yarnpkg.com/@jimp/types/-/types-0.15.0.tgz#3450ec4f64a05eed6a095fb6a19e0bdb15e0ebe1"
  integrity sha512-2yY0HwyeCoIlie0FSZRcnvlpKMtCVuPH8Aqk1x20WNqa5VxE6+NYZhBSuGq0x9H+RIJfjMkKJhxbWGfs3jUCJA==
  dependencies:
    "@babel/runtime" "^7.7.2"
    "@jimp/bmp" "^0.15.0"
    "@jimp/gif" "^0.15.0"
    "@jimp/jpeg" "^0.15.0"
    "@jimp/png" "^0.15.0"
    "@jimp/tiff" "^0.15.0"
    timm "^1.6.1"

"@jimp/utils@^0.15.0":
  version "0.15.0"
  resolved "https://registry.yarnpkg.com/@jimp/utils/-/utils-0.15.0.tgz#f853b9a22aa6a97997cf570135b1878a957275dd"
  integrity sha512-VX3AYIfeibXLKu1XV208pcS/jgh0ikbja4JBfpDB/lxss1eApnFNBhnlf69onROSmmrZ9um18gDwzS2gb/PhSw==
  dependencies:
    "@babel/runtime" "^7.7.2"
    regenerator-runtime "^0.13.3"

"@zeit/ncc@^0.22.3":
  version "0.22.3"
  resolved "https://registry.yarnpkg.com/@zeit/ncc/-/ncc-0.22.3.tgz#fca6b86b4454ce7a7e1e7e755165ec06457f16cd"
  integrity sha512-jnCLpLXWuw/PAiJiVbLjA8WBC0IJQbFeUwF4I9M+23MvIxTxk5pD4Q8byQBSPmHQjz5aBoA7AKAElQxMpjrCLQ==

any-base@^1.1.0:
  version "1.1.0"
  resolved "https://registry.yarnpkg.com/any-base/-/any-base-1.1.0.tgz#ae101a62bc08a597b4c9ab5b7089d456630549fe"
  integrity sha512-uMgjozySS8adZZYePpaWs8cxB9/kdzmpX6SgJZ+wbz1K5eYk5QMYDVJaZKhxyIHUdnnJkfR7SVgStgH7LkGUyg==

at-least-node@^1.0.0:
  version "1.0.0"
  resolved "https://registry.yarnpkg.com/at-least-node/-/at-least-node-1.0.0.tgz#602cd4b46e844ad4effc92a8011a3c46e0238dc2"
  integrity sha512-+q/t7Ekv1EDY2l6Gda6LLiX14rU9TV20Wa3ofeQmwPFZbOMo9DXrLbOjFaaclkXKWidIaopwAObQDqwWtGUjqg==

base64-js@^1.0.2:
  version "1.3.1"
  resolved "https://registry.yarnpkg.com/base64-js/-/base64-js-1.3.1.tgz#58ece8cb75dd07e71ed08c736abc5fac4dbf8df1"
  integrity sha512-mLQ4i2QO1ytvGWFWmcngKO//JXAQueZvwEKtjgQFM4jIK0kU+ytMfplL8j+n5mspOfjHwoAg+9yhb7BwAHm36g==

bmp-js@^0.1.0:
  version "0.1.0"
  resolved "https://registry.yarnpkg.com/bmp-js/-/bmp-js-0.1.0.tgz#e05a63f796a6c1ff25f4771ec7adadc148c07233"
  integrity sha1-4Fpj95amwf8l9Hcex62twUjAcjM=

buffer-equal@0.0.1:
  version "0.0.1"
  resolved "https://registry.yarnpkg.com/buffer-equal/-/buffer-equal-0.0.1.tgz#91bc74b11ea405bc916bc6aa908faafa5b4aac4b"
  integrity sha1-kbx0sR6kBbyRa8aqkI+q+ltKrEs=

buffer@^5.2.0:
  version "5.6.0"
  resolved "https://registry.yarnpkg.com/buffer/-/buffer-5.6.0.tgz#a31749dc7d81d84db08abf937b6b8c4033f62786"
  integrity sha512-/gDYp/UtU0eA1ys8bOs9J6a+E/KWIY+DZ+Q2WESNUA0jFRsJOc0SNUO6xJ5SGA1xueg3NL65W6s+NY5l9cunuw==
  dependencies:
    base64-js "^1.0.2"
    ieee754 "^1.1.4"

dom-walk@^0.1.0:
  version "0.1.2"
  resolved "https://registry.yarnpkg.com/dom-walk/-/dom-walk-0.1.2.tgz#0c548bef048f4d1f2a97249002236060daa3fd84"
  integrity sha512-6QvTW9mrGeIegrFXdtQi9pk7O/nSK6lSdXW2eqUspN5LWD7UTji2Fqw5V2YLjBpHEoU9Xl/eUWNpDeZvoyOv2w==

exif-parser@^0.1.12:
  version "0.1.12"
  resolved "https://registry.yarnpkg.com/exif-parser/-/exif-parser-0.1.12.tgz#58a9d2d72c02c1f6f02a0ef4a9166272b7760922"
  integrity sha1-WKnS1ywCwfbwKg70qRZicrd2CSI=

file-type@^9.0.0:
  version "9.0.0"
  resolved "https://registry.yarnpkg.com/file-type/-/file-type-9.0.0.tgz#a68d5ad07f486414dfb2c8866f73161946714a18"
  integrity sha512-Qe/5NJrgIOlwijpq3B7BEpzPFcgzggOTagZmkXQY4LA6bsXKTUstK7Wp12lEJ/mLKTpvIZxmIuRcLYWT6ov9lw==

fs-extra@^9.0.1:
  version "9.0.1"
  resolved "https://registry.yarnpkg.com/fs-extra/-/fs-extra-9.0.1.tgz#910da0062437ba4c39fedd863f1675ccfefcb9fc"
  integrity sha512-h2iAoN838FqAFJY2/qVpzFXy+EBxfVE220PalAqQLDVsFOHLJrZvut5puAbCdNv6WJk+B8ihI+k0c7JK5erwqQ==
  dependencies:
    at-least-node "^1.0.0"
    graceful-fs "^4.2.0"
    jsonfile "^6.0.1"
    universalify "^1.0.0"

gifwrap@^0.9.2:
  version "0.9.2"
  resolved "https://registry.yarnpkg.com/gifwrap/-/gifwrap-0.9.2.tgz#348e286e67d7cf57942172e1e6f05a71cee78489"
  integrity sha512-fcIswrPaiCDAyO8xnWvHSZdWChjKXUanKKpAiWWJ/UTkEi/aYKn5+90e7DE820zbEaVR9CE2y4z9bzhQijZ0BA==
  dependencies:
    image-q "^1.1.1"
    omggif "^1.0.10"

global@~4.3.0:
  version "4.3.2"
  resolved "https://registry.yarnpkg.com/global/-/global-4.3.2.tgz#e76989268a6c74c38908b1305b10fc0e394e9d0f"
  integrity sha1-52mJJopsdMOJCLEwWxD8DjlOnQ8=
  dependencies:
    min-document "^2.19.0"
    process "~0.5.1"

graceful-fs@^4.1.6, graceful-fs@^4.2.0:
  version "4.2.4"
  resolved "https://registry.yarnpkg.com/graceful-fs/-/graceful-fs-4.2.4.tgz#2256bde14d3632958c465ebc96dc467ca07a29fb"
  integrity sha512-WjKPNJF79dtJAVniUlGGWHYGz2jWxT6VhN/4m1NdkbZ2nOsEF+cI1Edgql5zCRhs/VsQYRvrXctxktVXZUkixw==

ieee754@^1.1.4:
  version "1.1.13"
  resolved "https://registry.yarnpkg.com/ieee754/-/ieee754-1.1.13.tgz#ec168558e95aa181fd87d37f55c32bbcb6708b84"
  integrity sha512-4vf7I2LYV/HaWerSo3XmlMkp5eZ83i+/CDluXi/IGTs/O1sejBNhTtnxzmRZfvOUqj7lZjqHkeTvpgSFDlWZTg==

image-q@^1.1.1:
  version "1.1.1"
  resolved "https://registry.yarnpkg.com/image-q/-/image-q-1.1.1.tgz#fc84099664460b90ca862d9300b6bfbbbfbf8056"
  integrity sha1-/IQJlmRGC5DKhi2TALa/u7+/gFY=

is-function@^1.0.1:
  version "1.0.2"
  resolved "https://registry.yarnpkg.com/is-function/-/is-function-1.0.2.tgz#4f097f30abf6efadac9833b17ca5dc03f8144e08"
  integrity sha512-lw7DUp0aWXYg+CBCN+JKkcE0Q2RayZnSvnZBlwgxHBQhqt5pZNVy4Ri7H9GmmXkdu7LUthszM+Tor1u/2iBcpQ==

jimp@^0.15.0:
  version "0.15.0"
  resolved "https://registry.yarnpkg.com/jimp/-/jimp-0.15.0.tgz#20eafa04d2142299b07ed9f9a3824f91c813798b"
  integrity sha512-Ym88uOQslO/CJntBK8HD3YNlzVeJQCSKk3kZJuHgarEKoWRlbKzikAYkSjGrI/+hfTCB0Ju6HBjwyNvDM4t69A==
  dependencies:
    "@babel/runtime" "^7.7.2"
    "@jimp/custom" "^0.15.0"
    "@jimp/plugins" "^0.15.0"
    "@jimp/types" "^0.15.0"
    regenerator-runtime "^0.13.3"

jpeg-js@^0.4.0:
  version "0.4.0"
  resolved "https://registry.yarnpkg.com/jpeg-js/-/jpeg-js-0.4.0.tgz#39adab7245b6d11e918ba5d4b49263ff2fc6a2f9"
  integrity sha512-960VHmtN1vTpasX/1LupLohdP5odwAT7oK/VSm6mW0M58LbrBnowLAPWAZhWGhDAGjzbMnPXZxzB/QYgBwkN0w==

jsonfile@^6.0.1:
  version "6.0.1"
  resolved "https://registry.yarnpkg.com/jsonfile/-/jsonfile-6.0.1.tgz#98966cba214378c8c84b82e085907b40bf614179"
  integrity sha512-jR2b5v7d2vIOust+w3wtFKZIfpC2pnRmFAhAC/BuweZFQR8qZzxH1OyrQ10HmdVYiXWkYUqPVsz91cG7EL2FBg==
  dependencies:
    universalify "^1.0.0"
  optionalDependencies:
    graceful-fs "^4.1.6"

load-bmfont@^1.3.1, load-bmfont@^1.4.0:
  version "1.4.0"
  resolved "https://registry.yarnpkg.com/load-bmfont/-/load-bmfont-1.4.0.tgz#75f17070b14a8c785fe7f5bee2e6fd4f98093b6b"
  integrity sha512-kT63aTAlNhZARowaNYcY29Fn/QYkc52M3l6V1ifRcPewg2lvUZDAj7R6dXjOL9D0sict76op3T5+odumDSF81g==
  dependencies:
    buffer-equal "0.0.1"
    mime "^1.3.4"
    parse-bmfont-ascii "^1.0.3"
    parse-bmfont-binary "^1.0.5"
    parse-bmfont-xml "^1.1.4"
    phin "^2.9.1"
    xhr "^2.0.1"
    xtend "^4.0.0"

mime@^1.3.4:
  version "1.6.0"
  resolved "https://registry.yarnpkg.com/mime/-/mime-1.6.0.tgz#32cd9e5c64553bd58d19a568af452acff04981b1"
  integrity sha512-x0Vn8spI+wuJ1O6S7gnbaQg8Pxh4NNHb7KSINmEWKiPE4RKOplvijn+NkmYmmRgP68mc70j2EbeTFRsrswaQeg==

min-document@^2.19.0:
  version "2.19.0"
  resolved "https://registry.yarnpkg.com/min-document/-/min-document-2.19.0.tgz#7bd282e3f5842ed295bb748cdd9f1ffa2c824685"
  integrity sha1-e9KC4/WELtKVu3SM3Z8f+iyCRoU=
  dependencies:
    dom-walk "^0.1.0"

minimist@^1.2.5:
  version "1.2.5"
  resolved "https://registry.yarnpkg.com/minimist/-/minimist-1.2.5.tgz#67d66014b66a6a8aaa0c083c5fd58df4e4e97602"
  integrity sha512-FM9nNUYrRBAELZQT3xeZQ7fmMOBg6nWNmJKTcgsJeaLstP/UODVpGsr5OhXhhXg6f+qtJ8uiZ+PUxkDWcgIXLw==

mkdirp@^0.5.1:
  version "0.5.5"
  resolved "https://registry.yarnpkg.com/mkdirp/-/mkdirp-0.5.5.tgz#d91cefd62d1436ca0f41620e251288d420099def"
  integrity sha512-NKmAlESf6jMGym1++R0Ra7wvhV+wFW63FaSOFPwRahvea0gMUcGUhVeAg/0BC0wiv9ih5NYPB1Wn1UEI1/L+xQ==
  dependencies:
    minimist "^1.2.5"

omggif@^1.0.10, omggif@^1.0.9:
  version "1.0.10"
  resolved "https://registry.yarnpkg.com/omggif/-/omggif-1.0.10.tgz#ddaaf90d4a42f532e9e7cb3a95ecdd47f17c7b19"
  integrity sha512-LMJTtvgc/nugXj0Vcrrs68Mn2D1r0zf630VNtqtpI1FEO7e+O9FP4gqs9AcnBaSEeoHIPm28u6qgPR0oyEpGSw==

pako@^1.0.5:
  version "1.0.11"
  resolved "https://registry.yarnpkg.com/pako/-/pako-1.0.11.tgz#6c9599d340d54dfd3946380252a35705a6b992bf"
  integrity sha512-4hLB8Py4zZce5s4yd9XzopqwVv/yGNhV1Bl8NTmCq1763HeK2+EwVTv+leGeL13Dnh2wfbqowVPXCIO0z4taYw==

parse-bmfont-ascii@^1.0.3:
  version "1.0.6"
  resolved "https://registry.yarnpkg.com/parse-bmfont-ascii/-/parse-bmfont-ascii-1.0.6.tgz#11ac3c3ff58f7c2020ab22769079108d4dfa0285"
  integrity sha1-Eaw8P/WPfCAgqyJ2kHkQjU36AoU=

parse-bmfont-binary@^1.0.5:
  version "1.0.6"
  resolved "https://registry.yarnpkg.com/parse-bmfont-binary/-/parse-bmfont-binary-1.0.6.tgz#d038b476d3e9dd9db1e11a0b0e53a22792b69006"
  integrity sha1-0Di0dtPp3Z2x4RoLDlOiJ5K2kAY=

parse-bmfont-xml@^1.1.4:
  version "1.1.4"
  resolved "https://registry.yarnpkg.com/parse-bmfont-xml/-/parse-bmfont-xml-1.1.4.tgz#015319797e3e12f9e739c4d513872cd2fa35f389"
  integrity sha512-bjnliEOmGv3y1aMEfREMBJ9tfL3WR0i0CKPj61DnSLaoxWR3nLrsQrEbCId/8rF4NyRF0cCqisSVXyQYWM+mCQ==
  dependencies:
    xml-parse-from-string "^1.0.0"
    xml2js "^0.4.5"

parse-headers@^2.0.0:
  version "2.0.3"
  resolved "https://registry.yarnpkg.com/parse-headers/-/parse-headers-2.0.3.tgz#5e8e7512383d140ba02f0c7aa9f49b4399c92515"
  integrity sha512-QhhZ+DCCit2Coi2vmAKbq5RGTRcQUOE2+REgv8vdyu7MnYx2eZztegqtTx99TZ86GTIwqiy3+4nQTWZ2tgmdCA==

phin@^2.9.1:
  version "2.9.3"
  resolved "https://registry.yarnpkg.com/phin/-/phin-2.9.3.tgz#f9b6ac10a035636fb65dfc576aaaa17b8743125c"
  integrity sha512-CzFr90qM24ju5f88quFC/6qohjC144rehe5n6DH900lgXmUe86+xCKc10ev56gRKC4/BkHUoG4uSiQgBiIXwDA==

pixelmatch@^4.0.2:
  version "4.0.2"
  resolved "https://registry.yarnpkg.com/pixelmatch/-/pixelmatch-4.0.2.tgz#8f47dcec5011b477b67db03c243bc1f3085e8854"
  integrity sha1-j0fc7FARtHe2fbA8JDvB8wheiFQ=
  dependencies:
    pngjs "^3.0.0"

pngjs@^3.0.0, pngjs@^3.3.3:
  version "3.4.0"
  resolved "https://registry.yarnpkg.com/pngjs/-/pngjs-3.4.0.tgz#99ca7d725965fb655814eaf65f38f12bbdbf555f"
  integrity sha512-NCrCHhWmnQklfH4MtJMRjZ2a8c80qXeMlQMv2uVp9ISJMTt562SbGd6n2oq0PaPgKm7Z6pL9E2UlLIhC+SHL3w==

process@~0.5.1:
  version "0.5.2"
  resolved "https://registry.yarnpkg.com/process/-/process-0.5.2.tgz#1638d8a8e34c2f440a91db95ab9aeb677fc185cf"
  integrity sha1-FjjYqONML0QKkduVq5rrZ3/Bhc8=

regenerator-runtime@^0.13.3, regenerator-runtime@^0.13.4:
  version "0.13.5"
  resolved "https://registry.yarnpkg.com/regenerator-runtime/-/regenerator-runtime-0.13.5.tgz#d878a1d094b4306d10b9096484b33ebd55e26697"
  integrity sha512-ZS5w8CpKFinUzOwW3c83oPeVXoNsrLsaCoLtJvAClH135j/R77RuymhiSErhm2lKcwSCIpmvIWSbDkIfAqKQlA==

sax@>=0.6.0:
  version "1.2.4"
  resolved "https://registry.yarnpkg.com/sax/-/sax-1.2.4.tgz#2816234e2378bddc4e5354fab5caa895df7100d9"
  integrity sha512-NqVDv9TpANUjFm0N8uM5GxL36UgKi9/atZw+x7YFnQ8ckwFGKrl4xX4yWtrey3UJm5nP1kUbnYgLopqWNSRhWw==

timm@^1.6.1:
  version "1.6.2"
  resolved "https://registry.yarnpkg.com/timm/-/timm-1.6.2.tgz#dfd8c6719f7ba1fcfc6295a32670a1c6d166c0bd"
  integrity sha512-IH3DYDL1wMUwmIlVmMrmesw5lZD6N+ZOAFWEyLrtpoL9Bcrs9u7M/vyOnHzDD2SMs4irLkVjqxZbHrXStS/Nmw==

tinycolor2@^1.4.1:
  version "1.4.1"
  resolved "https://registry.yarnpkg.com/tinycolor2/-/tinycolor2-1.4.1.tgz#f4fad333447bc0b07d4dc8e9209d8f39a8ac77e8"
  integrity sha1-9PrTM0R7wLB9TcjpIJ2POaisd+g=

universalify@^1.0.0:
  version "1.0.0"
  resolved "https://registry.yarnpkg.com/universalify/-/universalify-1.0.0.tgz#b61a1da173e8435b2fe3c67d29b9adf8594bd16d"
  integrity sha512-rb6X1W158d7pRQBg5gkR8uPaSfiids68LTJQYOtEUhoJUWBdaQHsuT/EUduxXYxcrt4r5PJ4fuHW1MHT6p0qug==

utif@^2.0.1:
  version "2.0.1"
  resolved "https://registry.yarnpkg.com/utif/-/utif-2.0.1.tgz#9e1582d9bbd20011a6588548ed3266298e711759"
  integrity sha512-Z/S1fNKCicQTf375lIP9G8Sa1H/phcysstNrrSdZKj1f9g58J4NMgb5IgiEZN9/nLMPDwF0W7hdOe9Qq2IYoLg==
  dependencies:
    pako "^1.0.5"

xhr@^2.0.1:
  version "2.5.0"
  resolved "https://registry.yarnpkg.com/xhr/-/xhr-2.5.0.tgz#bed8d1676d5ca36108667692b74b316c496e49dd"
  integrity sha512-4nlO/14t3BNUZRXIXfXe+3N6w3s1KoxcJUUURctd64BLRe67E4gRwp4PjywtDY72fXpZ1y6Ch0VZQRY/gMPzzQ==
  dependencies:
    global "~4.3.0"
    is-function "^1.0.1"
    parse-headers "^2.0.0"
    xtend "^4.0.0"

xml-parse-from-string@^1.0.0:
  version "1.0.1"
  resolved "https://registry.yarnpkg.com/xml-parse-from-string/-/xml-parse-from-string-1.0.1.tgz#a9029e929d3dbcded169f3c6e28238d95a5d5a28"
  integrity sha1-qQKekp09vN7RafPG4oI42VpdWig=

xml2js@^0.4.5:
  version "0.4.23"
  resolved "https://registry.yarnpkg.com/xml2js/-/xml2js-0.4.23.tgz#a0c69516752421eb2ac758ee4d4ccf58843eac66"
  integrity sha512-ySPiMjM0+pLDftHgXY4By0uswI3SPKLDw/i3UXbnO8M/p28zqexCUoPmQFrYD+/1BzhGJSs2i1ERWKJAtiLrug==
  dependencies:
    sax ">=0.6.0"
    xmlbuilder "~11.0.0"

xmlbuilder@~11.0.0:
  version "11.0.1"
  resolved "https://registry.yarnpkg.com/xmlbuilder/-/xmlbuilder-11.0.1.tgz#be9bae1c8a046e76b31127726347d0ad7002beb3"
  integrity sha512-fDlsI/kFEx7gLvbecc0/ohLG50fugQp8ryHzMTuW9vSa1GJ0XYWKnhsUx7oie3G98+r56aTQIUB4kht42R3JvA==

xtend@^4.0.0:
  version "4.0.2"
  resolved "https://registry.yarnpkg.com/xtend/-/xtend-4.0.2.tgz#bb72779f5fa465186b1f438f674fa347fdb5db54"
  integrity sha512-LKYU1iAXJXUgAXn9URjiu+MWhyUXHsvfp7mcuYm9dSUKK0/CjtrUwFAxD82/mCWbtLsGjFIad0wIsod4zrTAEQ==
